// !$*UTF8*$!
{
	archiveVersion = 1;
	classes = {
	};
	objectVersion = 70;
	objects = {

/* Begin PBXBuildFile section */
		0B08D53F2E6DD82A001902DD /* MagicAlert in Frameworks */ = {isa = PBXBuildFile; productRef = 0B08D53E2E6DD82A001902DD /* MagicAlert */; };
		0B08D5412E6DD82A001902DD /* MagicAsset in Frameworks */ = {isa = PBXBuildFile; productRef = 0B08D5402E6DD82A001902DD /* MagicAsset */; };
		0B08D5432E6DD82A001902DD /* MagicContainer in Frameworks */ = {isa = PBXBuildFile; productRef = 0B08D5422E6DD82A001902DD /* MagicContainer */; };
		0B08D5452E6DD82A001902DD /* MagicCore in Frameworks */ = {isa = PBXBuildFile; productRef = 0B08D5442E6DD82A001902DD /* MagicCore */; };
		0B08D5472E6DD82A001902DD /* MagicDevice in Frameworks */ = {isa = PBXBuildFile; productRef = 0B08D5462E6DD82A001902DD /* MagicDevice */; };
		0B1C653E2DE5F6C600F982C0 /* Assets.xcassets in Resources */ = {isa = PBXBuildFile; fileRef = 0B1C65392DE5F6C600F982C0 /* Assets.xcassets */; };
		0B3485A02E6DDC4400EBD371 /* MagicAlert in Frameworks */ = {isa = PBXBuildFile; productRef = 0B34859F2E6DDC4400EBD371 /* MagicAlert */; };
		0B3485A22E6DDC4400EBD371 /* MagicAsset in Frameworks */ = {isa = PBXBuildFile; productRef = 0B3485A12E6DDC4400EBD371 /* MagicAsset */; };
		0B3485A42E6DDC4400EBD371 /* MagicContainer in Frameworks */ = {isa = PBXBuildFile; productRef = 0B3485A32E6DDC4400EBD371 /* MagicContainer */; };
		0B3485A62E6DDC4400EBD371 /* MagicCore in Frameworks */ = {isa = PBXBuildFile; productRef = 0B3485A52E6DDC4400EBD371 /* MagicCore */; };
		0B3485A82E6DDC4400EBD371 /* MagicDevice in Frameworks */ = {isa = PBXBuildFile; productRef = 0B3485A72E6DDC4400EBD371 /* MagicDevice */; };
		0B3485AA2E6DDC4400EBD371 /* MagicError in Frameworks */ = {isa = PBXBuildFile; productRef = 0B3485A92E6DDC4400EBD371 /* MagicError */; };
		0B4D15AF2E6D248200CAB5C7 /* MagicAsset in Frameworks */ = {isa = PBXBuildFile; productRef = 0B4D15AE2E6D248200CAB5C7 /* MagicAsset */; };
		0B4D15B12E6D248200CAB5C7 /* MagicCore in Frameworks */ = {isa = PBXBuildFile; productRef = 0B4D15B02E6D248200CAB5C7 /* MagicCore */; };
		0BE0D9ED2E6F164E00B5F80C /* MagicUI in Frameworks */ = {isa = PBXBuildFile; productRef = 0BE0D9EC2E6F164E00B5F80C /* MagicUI */; };
		C40A5C50229DD6A500627D50 /* com.yueyi.TravelMode.Extension.systemextension in Embed System Extensions */ = {isa = PBXBuildFile; fileRef = C40A5C45229DD6A500627D50 /* com.yueyi.TravelMode.Extension.systemextension */; settings = {ATTRIBUTES = (RemoveHeadersOnCopy, ); }; };
		F500B3EE2DE463A1009CC54C /* MagicCore in Frameworks */ = {isa = PBXBuildFile; productRef = F500B3ED2DE463A1009CC54C /* MagicCore */; };
		F50882A02E7BB462004FB427 /* MagicDesktop in Frameworks */ = {isa = PBXBuildFile; productRef = F508829F2E7BB462004FB427 /* MagicDesktop */; };
		F52D4A1E2E6E8A24007F53A3 /* MagicAlert in Frameworks */ = {isa = PBXBuildFile; productRef = F52D4A1D2E6E8A24007F53A3 /* MagicAlert */; };
		F52D4A202E6E8A24007F53A3 /* MagicAsset in Frameworks */ = {isa = PBXBuildFile; productRef = F52D4A1F2E6E8A24007F53A3 /* MagicAsset */; };
		F52D4A222E6E8A24007F53A3 /* MagicBackground in Frameworks */ = {isa = PBXBuildFile; productRef = F52D4A212E6E8A24007F53A3 /* MagicBackground */; };
		F52D4A242E6E8A24007F53A3 /* MagicContainer in Frameworks */ = {isa = PBXBuildFile; productRef = F52D4A232E6E8A24007F53A3 /* MagicContainer */; };
		F52D4A262E6E8A24007F53A3 /* MagicCore in Frameworks */ = {isa = PBXBuildFile; productRef = F52D4A252E6E8A24007F53A3 /* MagicCore */; };
		F52D4A282E6E8A24007F53A3 /* MagicDevice in Frameworks */ = {isa = PBXBuildFile; productRef = F52D4A272E6E8A24007F53A3 /* MagicDevice */; };
		F52D4A2A2E6E8A24007F53A3 /* MagicError in Frameworks */ = {isa = PBXBuildFile; productRef = F52D4A292E6E8A24007F53A3 /* MagicError */; };
		F52D4A2C2E6E8A24007F53A3 /* MagicUI in Frameworks */ = {isa = PBXBuildFile; productRef = F52D4A2B2E6E8A24007F53A3 /* MagicUI */; };
		F5B8C27F2DF14B8300C35A76 /* MagicCore in Frameworks */ = {isa = PBXBuildFile; productRef = F5B8C27E2DF14B8300C35A76 /* MagicCore */; };
		F5D27E292E6E60F5006B3CB2 /* MagicAlert in Frameworks */ = {isa = PBXBuildFile; productRef = F5D27E282E6E60F5006B3CB2 /* MagicAlert */; };
		F5D27E2B2E6E60F5006B3CB2 /* MagicAsset in Frameworks */ = {isa = PBXBuildFile; productRef = F5D27E2A2E6E60F5006B3CB2 /* MagicAsset */; };
		F5D27E2D2E6E60F5006B3CB2 /* MagicBackground in Frameworks */ = {isa = PBXBuildFile; productRef = F5D27E2C2E6E60F5006B3CB2 /* MagicBackground */; };
		F5D27E2F2E6E60F5006B3CB2 /* MagicContainer in Frameworks */ = {isa = PBXBuildFile; productRef = F5D27E2E2E6E60F5006B3CB2 /* MagicContainer */; };
		F5D27E312E6E60F5006B3CB2 /* MagicCore in Frameworks */ = {isa = PBXBuildFile; productRef = F5D27E302E6E60F5006B3CB2 /* MagicCore */; };
		F5D27E332E6E60F5006B3CB2 /* MagicDevice in Frameworks */ = {isa = PBXBuildFile; productRef = F5D27E322E6E60F5006B3CB2 /* MagicDevice */; };
		F5D27E352E6E60F5006B3CB2 /* MagicError in Frameworks */ = {isa = PBXBuildFile; productRef = F5D27E342E6E60F5006B3CB2 /* MagicError */; };
/* End PBXBuildFile section */

/* Begin PBXContainerItemProxy section */
		C40A5C4E229DD6A500627D50 /* PBXContainerItemProxy */ = {
			isa = PBXContainerItemProxy;
			containerPortal = C4B45DAD22739FFF0050C59B /* Project object */;
			proxyType = 1;
			remoteGlobalIDString = C40A5C44229DD6A500627D50;
			remoteInfo = SimpleFirewallExtension;
		};
/* End PBXContainerItemProxy section */

/* Begin PBXCopyFilesBuildPhase section */
		C40A5C51229DD6A500627D50 /* Embed System Extensions */ = {
			isa = PBXCopyFilesBuildPhase;
			buildActionMask = 2147483647;
			dstPath = "$(SYSTEM_EXTENSIONS_FOLDER_PATH)";
			dstSubfolderSpec = 16;
			files = (
				C40A5C50229DD6A500627D50 /* com.yueyi.TravelMode.Extension.systemextension in Embed System Extensions */,
			);
			name = "Embed System Extensions";
			runOnlyForDeploymentPostprocessing = 0;
		};
/* End PBXCopyFilesBuildPhase section */

/* Begin PBXFileReference section */
		0B1C65392DE5F6C600F982C0 /* Assets.xcassets */ = {isa = PBXFileReference; lastKnownFileType = folder.assetcatalog; path = Assets.xcassets; sourceTree = "<group>"; };
		0BECFF622DE5FFD6001B7619 /* README.md */ = {isa = PBXFileReference; lastKnownFileType = net.daringfireball.markdown; path = README.md; sourceTree = "<group>"; };
		C40A5C45229DD6A500627D50 /* com.yueyi.TravelMode.Extension.systemextension */ = {isa = PBXFileReference; explicitFileType = "wrapper.system-extension"; includeInIndex = 0; path = com.yueyi.TravelMode.Extension.systemextension; sourceTree = BUILT_PRODUCTS_DIR; };
		C4B45DB522739FFF0050C59B /* TavelMode.app */ = {isa = PBXFileReference; explicitFileType = wrapper.application; includeInIndex = 0; path = TavelMode.app; sourceTree = BUILT_PRODUCTS_DIR; };
		F5F857DF2DE815C300E03577 /* README-DEV.md */ = {isa = PBXFileReference; lastKnownFileType = net.daringfireball.markdown; path = "README-DEV.md"; sourceTree = "<group>"; };
/* End PBXFileReference section */

/* Begin PBXFileSystemSynchronizedBuildFileExceptionSet section */
		0B1C665C2DE5FDB800F982C0 /* PBXFileSystemSynchronizedBuildFileExceptionSet */ = {
			isa = PBXFileSystemSynchronizedBuildFileExceptionSet;
			membershipExceptions = (
				Info.plist,
			);
			target = C40A5C44229DD6A500627D50 /* Extension */;
		};
		0B1C665D2DE5FDE700F982C0 /* PBXFileSystemSynchronizedBuildFileExceptionSet */ = {
			isa = PBXFileSystemSynchronizedBuildFileExceptionSet;
			membershipExceptions = (
				Info.plist,
			);
			target = C4B45DB422739FFF0050C59B /* TavelMode */;
		};
/* End PBXFileSystemSynchronizedBuildFileExceptionSet section */

/* Begin PBXFileSystemSynchronizedRootGroup section */
		0B1C653D2DE5F6C600F982C0 /* Core */ = {isa = PBXFileSystemSynchronizedRootGroup; exceptions = (0B1C665D2DE5FDE700F982C0 /* PBXFileSystemSynchronizedBuildFileExceptionSet */, ); explicitFileTypes = {}; explicitFolders = (); path = Core; sourceTree = "<group>"; };
		0B1C65BB2DE5F87500F982C0 /* Extension */ = {isa = PBXFileSystemSynchronizedRootGroup; exceptions = (0B1C665C2DE5FDB800F982C0 /* PBXFileSystemSynchronizedBuildFileExceptionSet */, ); explicitFileTypes = {}; explicitFolders = (); path = Extension; sourceTree = "<group>"; };
		0B1C65CD2DE5F90800F982C0 /* Plugins */ = {isa = PBXFileSystemSynchronizedRootGroup; explicitFileTypes = {}; explicitFolders = (); path = Plugins; sourceTree = "<group>"; };
		0B4D159D2E6D19AA00CAB5C7 /* AppStore */ = {isa = PBXFileSystemSynchronizedRootGroup; explicitFileTypes = {}; explicitFolders = (); path = AppStore; sourceTree = "<group>"; };
		0B6703FA2DE8928A0078D726 /* Bridge */ = {isa = PBXFileSystemSynchronizedRootGroup; explicitFileTypes = {}; explicitFolders = (); path = Bridge; sourceTree = "<group>"; };
		0BECFF612DE5FFD6001B7619 /* docs */ = {isa = PBXFileSystemSynchronizedRootGroup; explicitFileTypes = {}; explicitFolders = (); path = docs; sourceTree = "<group>"; };
/* End PBXFileSystemSynchronizedRootGroup section */

/* Begin PBXFrameworksBuildPhase section */
		C40A5C42229DD6A500627D50 /* Frameworks */ = {
			isa = PBXFrameworksBuildPhase;
			buildActionMask = 2147483647;
			files = (
				F5B8C27F2DF14B8300C35A76 /* MagicCore in Frameworks */,
			);
			runOnlyForDeploymentPostprocessing = 0;
		};
		C4B45DB222739FFF0050C59B /* Frameworks */ = {
			isa = PBXFrameworksBuildPhase;
			buildActionMask = 2147483647;
			files = (
				F52D4A222E6E8A24007F53A3 /* MagicBackground in Frameworks */,
				F52D4A282E6E8A24007F53A3 /* MagicDevice in Frameworks */,
				F5D27E292E6E60F5006B3CB2 /* MagicAlert in Frameworks */,
				0B3485A42E6DDC4400EBD371 /* MagicContainer in Frameworks */,
				0B3485A82E6DDC4400EBD371 /* MagicDevice in Frameworks */,
				0B08D5412E6DD82A001902DD /* MagicAsset in Frameworks */,
				0BE0D9ED2E6F164E00B5F80C /* MagicUI in Frameworks */,
				F500B3EE2DE463A1009CC54C /* MagicCore in Frameworks */,
				F52D4A1E2E6E8A24007F53A3 /* MagicAlert in Frameworks */,
				F5D27E2D2E6E60F5006B3CB2 /* MagicBackground in Frameworks */,
				F5D27E352E6E60F5006B3CB2 /* MagicError in Frameworks */,
				0B4D15B12E6D248200CAB5C7 /* MagicCore in Frameworks */,
				0B4D15AF2E6D248200CAB5C7 /* MagicAsset in Frameworks */,
				F52D4A262E6E8A24007F53A3 /* MagicCore in Frameworks */,
				F52D4A2A2E6E8A24007F53A3 /* MagicError in Frameworks */,
				0B08D5472E6DD82A001902DD /* MagicDevice in Frameworks */,
				F5D27E312E6E60F5006B3CB2 /* MagicCore in Frameworks */,
				0B3485A22E6DDC4400EBD371 /* MagicAsset in Frameworks */,
				0B3485A62E6DDC4400EBD371 /* MagicCore in Frameworks */,
				F50882A02E7BB462004FB427 /* MagicDesktop in Frameworks */,
				F5D27E332E6E60F5006B3CB2 /* MagicDevice in Frameworks */,
				0B08D5432E6DD82A001902DD /* MagicContainer in Frameworks */,
				F52D4A202E6E8A24007F53A3 /* MagicAsset in Frameworks */,
				F52D4A242E6E8A24007F53A3 /* MagicContainer in Frameworks */,
				F52D4A2C2E6E8A24007F53A3 /* MagicUI in Frameworks */,
				F5D27E2B2E6E60F5006B3CB2 /* MagicAsset in Frameworks */,
				0B3485A02E6DDC4400EBD371 /* MagicAlert in Frameworks */,
				0B08D53F2E6DD82A001902DD /* MagicAlert in Frameworks */,
				0B08D5452E6DD82A001902DD /* MagicCore in Frameworks */,
				F5D27E2F2E6E60F5006B3CB2 /* MagicContainer in Frameworks */,
				0B3485AA2E6DDC4400EBD371 /* MagicError in Frameworks */,
			);
			runOnlyForDeploymentPostprocessing = 0;
		};
/* End PBXFrameworksBuildPhase section */

/* Begin PBXGroup section */
		C4B45DAC22739FFF0050C59B = {
			isa = PBXGroup;
			children = (
				0B4D159D2E6D19AA00CAB5C7 /* AppStore */,
				0B6703FA2DE8928A0078D726 /* Bridge */,
				0B1C65392DE5F6C600F982C0 /* Assets.xcassets */,
				0B1C653D2DE5F6C600F982C0 /* Core */,
				0BECFF612DE5FFD6001B7619 /* docs */,
				0B1C65BB2DE5F87500F982C0 /* Extension */,
				0B1C65CD2DE5F90800F982C0 /* Plugins */,
				C4B45DB622739FFF0050C59B /* Products */,
				0BECFF622DE5FFD6001B7619 /* README.md */,
				F5F857DF2DE815C300E03577 /* README-DEV.md */,
				F5B8C27B2DF14AE400C35A76 /* Frameworks */,
			);
			sourceTree = "<group>";
		};
		C4B45DB622739FFF0050C59B /* Products */ = {
			isa = PBXGroup;
			children = (
				C4B45DB522739FFF0050C59B /* TavelMode.app */,
				C40A5C45229DD6A500627D50 /* com.yueyi.TravelMode.Extension.systemextension */,
			);
			name = Products;
			sourceTree = "<group>";
		};
		F5B8C27B2DF14AE400C35A76 /* Frameworks */ = {
			isa = PBXGroup;
			children = (
			);
			name = Frameworks;
			sourceTree = "<group>";
		};
/* End PBXGroup section */

/* Begin PBXNativeTarget section */
		C40A5C44229DD6A500627D50 /* Extension */ = {
			isa = PBXNativeTarget;
			buildConfigurationList = C40A5C54229DD6A500627D50 /* Build configuration list for PBXNativeTarget "Extension" */;
			buildPhases = (
				C40A5C41229DD6A500627D50 /* Sources */,
				C40A5C42229DD6A500627D50 /* Frameworks */,
				C40A5C43229DD6A500627D50 /* Resources */,
			);
			buildRules = (
			);
			dependencies = (
			);
			fileSystemSynchronizedGroups = (
				0B1C65BB2DE5F87500F982C0 /* Extension */,
				0B6703FA2DE8928A0078D726 /* Bridge */,
			);
			name = Extension;
			productName = SimpleFirewallExtension;
			productReference = C40A5C45229DD6A500627D50 /* com.yueyi.TravelMode.Extension.systemextension */;
			productType = "com.apple.product-type.system-extension";
		};
		C4B45DB422739FFF0050C59B /* TavelMode */ = {
			isa = PBXNativeTarget;
			buildConfigurationList = C4B45DC52273A0020050C59B /* Build configuration list for PBXNativeTarget "TavelMode" */;
			buildPhases = (
				C4B45DB122739FFF0050C59B /* Sources */,
				C4B45DB222739FFF0050C59B /* Frameworks */,
				C4B45DB322739FFF0050C59B /* Resources */,
				C40A5C51229DD6A500627D50 /* Embed System Extensions */,
			);
			buildRules = (
			);
			dependencies = (
				C40A5C4F229DD6A500627D50 /* PBXTargetDependency */,
			);
			fileSystemSynchronizedGroups = (
				0B1C653D2DE5F6C600F982C0 /* Core */,
				0B1C65CD2DE5F90800F982C0 /* Plugins */,
				0B4D159D2E6D19AA00CAB5C7 /* AppStore */,
				0B6703FA2DE8928A0078D726 /* Bridge */,
			);
			name = TavelMode;
			productName = SimpleFirewall;
			productReference = C4B45DB522739FFF0050C59B /* TavelMode.app */;
			productType = "com.apple.product-type.application";
		};
/* End PBXNativeTarget section */

/* Begin PBXProject section */
		C4B45DAD22739FFF0050C59B /* Project object */ = {
			isa = PBXProject;
			attributes = {
				BuildIndependentTargetsInParallel = YES;
				DefaultBuildSystemTypeForWorkspace = Latest;
				LastSwiftUpdateCheck = 1510;
				LastUpgradeCheck = 2600;
				ORGANIZATIONNAME = Apple;
				TargetAttributes = {
					C40A5C44229DD6A500627D50 = {
						CreatedOnToolsVersion = 11.0;
					};
					C4B45DB422739FFF0050C59B = {
						CreatedOnToolsVersion = 11.0;
					};
				};
			};
			buildConfigurationList = C4B45DB022739FFF0050C59B /* Build configuration list for PBXProject "TravelMode" */;
			compatibilityVersion = "Xcode 9.3";
			developmentRegion = "zh-Hans";
			hasScannedForEncodings = 0;
			knownRegions = (
				en,
				Base,
				"zh-Hans",
			);
			mainGroup = C4B45DAC22739FFF0050C59B;
			packageReferences = (
				F52D4A1C2E6E8A24007F53A3 /* XCRemoteSwiftPackageReference "MagicKit" */,
			);
			productRefGroup = C4B45DB622739FFF0050C59B /* Products */;
			projectDirPath = "";
			projectRoot = "";
			targets = (
				C4B45DB422739FFF0050C59B /* TavelMode */,
				C40A5C44229DD6A500627D50 /* Extension */,
			);
		};
/* End PBXProject section */

/* Begin PBXResourcesBuildPhase section */
		C40A5C43229DD6A500627D50 /* Resources */ = {
			isa = PBXResourcesBuildPhase;
			buildActionMask = 2147483647;
			files = (
			);
			runOnlyForDeploymentPostprocessing = 0;
		};
		C4B45DB322739FFF0050C59B /* Resources */ = {
			isa = PBXResourcesBuildPhase;
			buildActionMask = 2147483647;
			files = (
				0B1C653E2DE5F6C600F982C0 /* Assets.xcassets in Resources */,
			);
			runOnlyForDeploymentPostprocessing = 0;
		};
/* End PBXResourcesBuildPhase section */

/* Begin PBXSourcesBuildPhase section */
		C40A5C41229DD6A500627D50 /* Sources */ = {
			isa = PBXSourcesBuildPhase;
			buildActionMask = 2147483647;
			files = (
			);
			runOnlyForDeploymentPostprocessing = 0;
		};
		C4B45DB122739FFF0050C59B /* Sources */ = {
			isa = PBXSourcesBuildPhase;
			buildActionMask = 2147483647;
			files = (
			);
			runOnlyForDeploymentPostprocessing = 0;
		};
/* End PBXSourcesBuildPhase section */

/* Begin PBXTargetDependency section */
		C40A5C4F229DD6A500627D50 /* PBXTargetDependency */ = {
			isa = PBXTargetDependency;
			target = C40A5C44229DD6A500627D50 /* Extension */;
			targetProxy = C40A5C4E229DD6A500627D50 /* PBXContainerItemProxy */;
		};
/* End PBXTargetDependency section */

/* Begin XCBuildConfiguration section */
		C40A5C52229DD6A500627D50 /* Debug */ = {
			isa = XCBuildConfiguration;
			buildSettings = {
				CODE_SIGN_ENTITLEMENTS = Extension/Signing.entitlements;
				CODE_SIGN_IDENTITY = "Mac Developer";
				CODE_SIGN_STYLE = Automatic;
				CURRENT_PROJECT_VERSION = 50;
				DEAD_CODE_STRIPPING = YES;
				ENABLE_HARDENED_RUNTIME = YES;
				INFOPLIST_FILE = Extension/Info.plist;
				LD_RUNPATH_SEARCH_PATHS = (
					"$(inherited)",
					"@executable_path/../Frameworks",
					"@executable_path/../../../../Frameworks",
				);
				MACOSX_DEPLOYMENT_TARGET = 15.0;
				MARKETING_VERSION = 2.3.6;
				PRODUCT_BUNDLE_IDENTIFIER = com.yueyi.TravelMode.Extension;
				PRODUCT_NAME = "$(PRODUCT_BUNDLE_IDENTIFIER)";
				PROVISIONING_PROFILE_SPECIFIER = "";
				REGISTER_APP_GROUPS = YES;
				SKIP_INSTALL = YES;
				SWIFT_VERSION = 6.0;
			};
			name = Debug;
		};
		C40A5C53229DD6A500627D50 /* Release */ = {
			isa = XCBuildConfiguration;
			buildSettings = {
				CODE_SIGN_ENTITLEMENTS = Extension/Signing.entitlements;
				CODE_SIGN_IDENTITY = "Mac Developer";
				CODE_SIGN_STYLE = Automatic;
				CURRENT_PROJECT_VERSION = 50;
				DEAD_CODE_STRIPPING = YES;
				ENABLE_HARDENED_RUNTIME = YES;
				INFOPLIST_FILE = Extension/Info.plist;
				LD_RUNPATH_SEARCH_PATHS = (
					"$(inherited)",
					"@executable_path/../Frameworks",
					"@executable_path/../../../../Frameworks",
				);
				MACOSX_DEPLOYMENT_TARGET = 15.0;
				MARKETING_VERSION = 2.3.6;
				PRODUCT_BUNDLE_IDENTIFIER = com.yueyi.TravelMode.Extension;
				PRODUCT_NAME = "$(PRODUCT_BUNDLE_IDENTIFIER)";
				PROVISIONING_PROFILE_SPECIFIER = "";
				REGISTER_APP_GROUPS = YES;
				SKIP_INSTALL = YES;
				SWIFT_VERSION = 6.0;
			};
			name = Release;
		};
		C4B45DC32273A0020050C59B /* Debug */ = {
			isa = XCBuildConfiguration;
			buildSettings = {
				ALWAYS_SEARCH_USER_PATHS = NO;
				ASSETCATALOG_COMPILER_GENERATE_SWIFT_ASSET_SYMBOL_EXTENSIONS = YES;
				CLANG_ANALYZER_LOCALIZABILITY_NONLOCALIZED = YES;
				CLANG_ANALYZER_NONNULL = YES;
				CLANG_ANALYZER_NUMBER_OBJECT_CONVERSION = YES_AGGRESSIVE;
				CLANG_CXX_LANGUAGE_STANDARD = "gnu++14";
				CLANG_CXX_LIBRARY = "libc++";
				CLANG_ENABLE_MODULES = YES;
				CLANG_ENABLE_OBJC_ARC = YES;
				CLANG_ENABLE_OBJC_WEAK = YES;
				CLANG_WARN_BLOCK_CAPTURE_AUTORELEASING = YES;
				CLANG_WARN_BOOL_CONVERSION = YES;
				CLANG_WARN_COMMA = YES;
				CLANG_WARN_CONSTANT_CONVERSION = YES;
				CLANG_WARN_DEPRECATED_OBJC_IMPLEMENTATIONS = YES;
				CLANG_WARN_DIRECT_OBJC_ISA_USAGE = YES_ERROR;
				CLANG_WARN_DOCUMENTATION_COMMENTS = YES;
				CLANG_WARN_EMPTY_BODY = YES;
				CLANG_WARN_ENUM_CONVERSION = YES;
				CLANG_WARN_INFINITE_RECURSION = YES;
				CLANG_WARN_INT_CONVERSION = YES;
				CLANG_WARN_NON_LITERAL_NULL_CONVERSION = YES;
				CLANG_WARN_OBJC_IMPLICIT_RETAIN_SELF = YES;
				CLANG_WARN_OBJC_LITERAL_CONVERSION = YES;
				CLANG_WARN_OBJC_ROOT_CLASS = YES_ERROR;
				CLANG_WARN_QUOTED_INCLUDE_IN_FRAMEWORK_HEADER = YES;
				CLANG_WARN_RANGE_LOOP_ANALYSIS = YES;
				CLANG_WARN_STRICT_PROTOTYPES = YES;
				CLANG_WARN_SUSPICIOUS_MOVE = YES;
				CLANG_WARN_UNGUARDED_AVAILABILITY = YES_AGGRESSIVE;
				CLANG_WARN_UNREACHABLE_CODE = YES;
				CLANG_WARN__DUPLICATE_METHOD_MATCH = YES;
				COPY_PHASE_STRIP = NO;
				DEAD_CODE_STRIPPING = YES;
				DEBUG_INFORMATION_FORMAT = dwarf;
				DEVELOPMENT_TEAM = Y6HZ9JJYV6;
				ENABLE_STRICT_OBJC_MSGSEND = YES;
				ENABLE_TESTABILITY = YES;
				ENABLE_USER_SCRIPT_SANDBOXING = YES;
				GCC_C_LANGUAGE_STANDARD = gnu11;
				GCC_DYNAMIC_NO_PIC = NO;
				GCC_NO_COMMON_BLOCKS = YES;
				GCC_OPTIMIZATION_LEVEL = 0;
				GCC_PREPROCESSOR_DEFINITIONS = (
					"DEBUG=1",
					"$(inherited)",
				);
				GCC_WARN_64_TO_32_BIT_CONVERSION = YES;
				GCC_WARN_ABOUT_RETURN_TYPE = YES_ERROR;
				GCC_WARN_UNDECLARED_SELECTOR = YES;
				GCC_WARN_UNINITIALIZED_AUTOS = YES_AGGRESSIVE;
				GCC_WARN_UNUSED_FUNCTION = YES;
				GCC_WARN_UNUSED_VARIABLE = YES;
				MACOSX_DEPLOYMENT_TARGET = 12.0;
				MTL_ENABLE_DEBUG_INFO = INCLUDE_SOURCE;
				MTL_FAST_MATH = YES;
				ONLY_ACTIVE_ARCH = YES;
				SDKROOT = macosx;
				STRING_CATALOG_GENERATE_SYMBOLS = YES;
				SWIFT_ACTIVE_COMPILATION_CONDITIONS = DEBUG;
				SWIFT_EMIT_LOC_STRINGS = YES;
				SWIFT_OPTIMIZATION_LEVEL = "-Onone";
			};
			name = Debug;
		};
		C4B45DC42273A0020050C59B /* Release */ = {
			isa = XCBuildConfiguration;
			buildSettings = {
				ALWAYS_SEARCH_USER_PATHS = NO;
				ASSETCATALOG_COMPILER_GENERATE_SWIFT_ASSET_SYMBOL_EXTENSIONS = YES;
				CLANG_ANALYZER_LOCALIZABILITY_NONLOCALIZED = YES;
				CLANG_ANALYZER_NONNULL = YES;
				CLANG_ANALYZER_NUMBER_OBJECT_CONVERSION = YES_AGGRESSIVE;
				CLANG_CXX_LANGUAGE_STANDARD = "gnu++14";
				CLANG_CXX_LIBRARY = "libc++";
				CLANG_ENABLE_MODULES = YES;
				CLANG_ENABLE_OBJC_ARC = YES;
				CLANG_ENABLE_OBJC_WEAK = YES;
				CLANG_WARN_BLOCK_CAPTURE_AUTORELEASING = YES;
				CLANG_WARN_BOOL_CONVERSION = YES;
				CLANG_WARN_COMMA = YES;
				CLANG_WARN_CONSTANT_CONVERSION = YES;
				CLANG_WARN_DEPRECATED_OBJC_IMPLEMENTATIONS = YES;
				CLANG_WARN_DIRECT_OBJC_ISA_USAGE = YES_ERROR;
				CLANG_WARN_DOCUMENTATION_COMMENTS = YES;
				CLANG_WARN_EMPTY_BODY = YES;
				CLANG_WARN_ENUM_CONVERSION = YES;
				CLANG_WARN_INFINITE_RECURSION = YES;
				CLANG_WARN_INT_CONVERSION = YES;
				CLANG_WARN_NON_LITERAL_NULL_CONVERSION = YES;
				CLANG_WARN_OBJC_IMPLICIT_RETAIN_SELF = YES;
				CLANG_WARN_OBJC_LITERAL_CONVERSION = YES;
				CLANG_WARN_OBJC_ROOT_CLASS = YES_ERROR;
				CLANG_WARN_QUOTED_INCLUDE_IN_FRAMEWORK_HEADER = YES;
				CLANG_WARN_RANGE_LOOP_ANALYSIS = YES;
				CLANG_WARN_STRICT_PROTOTYPES = YES;
				CLANG_WARN_SUSPICIOUS_MOVE = YES;
				CLANG_WARN_UNGUARDED_AVAILABILITY = YES_AGGRESSIVE;
				CLANG_WARN_UNREACHABLE_CODE = YES;
				CLANG_WARN__DUPLICATE_METHOD_MATCH = YES;
				COPY_PHASE_STRIP = NO;
				DEAD_CODE_STRIPPING = YES;
				DEBUG_INFORMATION_FORMAT = "dwarf-with-dsym";
				DEVELOPMENT_TEAM = Y6HZ9JJYV6;
				ENABLE_NS_ASSERTIONS = NO;
				ENABLE_STRICT_OBJC_MSGSEND = YES;
				ENABLE_USER_SCRIPT_SANDBOXING = YES;
				GCC_C_LANGUAGE_STANDARD = gnu11;
				GCC_NO_COMMON_BLOCKS = YES;
				GCC_WARN_64_TO_32_BIT_CONVERSION = YES;
				GCC_WARN_ABOUT_RETURN_TYPE = YES_ERROR;
				GCC_WARN_UNDECLARED_SELECTOR = YES;
				GCC_WARN_UNINITIALIZED_AUTOS = YES_AGGRESSIVE;
				GCC_WARN_UNUSED_FUNCTION = YES;
				GCC_WARN_UNUSED_VARIABLE = YES;
				MACOSX_DEPLOYMENT_TARGET = 12.0;
				MTL_ENABLE_DEBUG_INFO = NO;
				MTL_FAST_MATH = YES;
				SDKROOT = macosx;
				STRING_CATALOG_GENERATE_SYMBOLS = YES;
				SWIFT_COMPILATION_MODE = wholemodule;
				SWIFT_EMIT_LOC_STRINGS = YES;
				SWIFT_OPTIMIZATION_LEVEL = "-O";
			};
			name = Release;
		};
		C4B45DC62273A0020050C59B /* Debug */ = {
			isa = XCBuildConfiguration;
			buildSettings = {
				ASSETCATALOG_COMPILER_APPICON_NAME = AppIcon;
				CODE_SIGN_ENTITLEMENTS = Core/Signing.entitlements;
				CODE_SIGN_IDENTITY = "Mac Developer";
				"CODE_SIGN_IDENTITY[sdk=macosx*]" = "Apple Development";
				CODE_SIGN_STYLE = Automatic;
				COMBINE_HIDPI_IMAGES = YES;
				CURRENT_PROJECT_VERSION = 56;
				DEAD_CODE_STRIPPING = YES;
				ENABLE_APP_SANDBOX = YES;
				ENABLE_FILE_ACCESS_DOWNLOADS_FOLDER = readwrite;
				ENABLE_HARDENED_RUNTIME = YES;
				ENABLE_USER_SELECTED_FILES = readonly;
				INFOPLIST_FILE = Core/Info.plist;
				INFOPLIST_KEY_CFBundleDisplayName = TravelMode;
				INFOPLIST_KEY_LSApplicationCategoryType = "public.app-category.productivity";
				LD_RUNPATH_SEARCH_PATHS = (
					"$(inherited)",
					"@executable_path/../Frameworks",
				);
				MACOSX_DEPLOYMENT_TARGET = 15.0;
				MARKETING_VERSION = 2.3.4;
				PRODUCT_BUNDLE_IDENTIFIER = com.yueyi.TravelMode;
				PRODUCT_NAME = "$(TARGET_NAME)";
				PROVISIONING_PROFILE_SPECIFIER = "";
				REGISTER_APP_GROUPS = YES;
				SWIFT_VERSION = 6.0;
			};
			name = Debug;
		};
		C4B45DC72273A0020050C59B /* Release */ = {
			isa = XCBuildConfiguration;
			buildSettings = {
				ASSETCATALOG_COMPILER_APPICON_NAME = AppIcon;
				CODE_SIGN_ENTITLEMENTS = Core/Signing.entitlements;
				CODE_SIGN_IDENTITY = "Mac Developer";
				"CODE_SIGN_IDENTITY[sdk=macosx*]" = "Apple Development";
				CODE_SIGN_STYLE = Automatic;
				COMBINE_HIDPI_IMAGES = YES;
				CURRENT_PROJECT_VERSION = 56;
				DEAD_CODE_STRIPPING = YES;
				ENABLE_APP_SANDBOX = YES;
				ENABLE_FILE_ACCESS_DOWNLOADS_FOLDER = readwrite;
				ENABLE_HARDENED_RUNTIME = YES;
				ENABLE_USER_SELECTED_FILES = readonly;
				INFOPLIST_FILE = Core/Info.plist;
				INFOPLIST_KEY_CFBundleDisplayName = TravelMode;
				INFOPLIST_KEY_LSApplicationCategoryType = "public.app-category.productivity";
				LD_RUNPATH_SEARCH_PATHS = (
					"$(inherited)",
					"@executable_path/../Frameworks",
				);
				MACOSX_DEPLOYMENT_TARGET = 15.0;
				MARKETING_VERSION = 2.3.4;
				PRODUCT_BUNDLE_IDENTIFIER = com.yueyi.TravelMode;
				PRODUCT_NAME = "$(TARGET_NAME)";
				PROVISIONING_PROFILE_SPECIFIER = "";
				REGISTER_APP_GROUPS = YES;
				SWIFT_VERSION = 6.0;
			};
			name = Release;
		};
/* End XCBuildConfiguration section */

/* Begin XCConfigurationList section */
		C40A5C54229DD6A500627D50 /* Build configuration list for PBXNativeTarget "Extension" */ = {
			isa = XCConfigurationList;
			buildConfigurations = (
				C40A5C52229DD6A500627D50 /* Debug */,
				C40A5C53229DD6A500627D50 /* Release */,
			);
			defaultConfigurationIsVisible = 0;
			defaultConfigurationName = Release;
		};
		C4B45DB022739FFF0050C59B /* Build configuration list for PBXProject "TravelMode" */ = {
			isa = XCConfigurationList;
			buildConfigurations = (
				C4B45DC32273A0020050C59B /* Debug */,
				C4B45DC42273A0020050C59B /* Release */,
			);
			defaultConfigurationIsVisible = 0;
			defaultConfigurationName = Release;
		};
		C4B45DC52273A0020050C59B /* Build configuration list for PBXNativeTarget "TavelMode" */ = {
			isa = XCConfigurationList;
			buildConfigurations = (
				C4B45DC62273A0020050C59B /* Debug */,
				C4B45DC72273A0020050C59B /* Release */,
			);
			defaultConfigurationIsVisible = 0;
			defaultConfigurationName = Release;
		};
/* End XCConfigurationList section */

/* Begin XCRemoteSwiftPackageReference section */
		0B34859E2E6DDC4400EBD371 /* XCRemoteSwiftPackageReference "MagicKit" */ = {
			isa = XCRemoteSwiftPackageReference;
			repositoryURL = "https://github.com/CofficLab/MagicKit";
			requirement = {
				branch = dev;
				kind = branch;
			};
		};
		0B737BA82D12EA6700712ABA /* XCRemoteSwiftPackageReference "MagicKit" */ = {
			isa = XCRemoteSwiftPackageReference;
			repositoryURL = "https://github.com/CofficLab/MagicKit";
			requirement = {
				branch = dev;
				kind = branch;
			};
		};
		F52D4A1C2E6E8A24007F53A3 /* XCRemoteSwiftPackageReference "MagicKit" */ = {
			isa = XCRemoteSwiftPackageReference;
			repositoryURL = "https://github.com/CofficLab/MagicKit";
			requirement = {
				branch = dev;
				kind = branch;
			};
		};
		F5D27E272E6E60F5006B3CB2 /* XCRemoteSwiftPackageReference "MagicKit" */ = {
			isa = XCRemoteSwiftPackageReference;
			repositoryURL = "https://github.com/CofficLab/MagicKit";
			requirement = {
				branch = dev;
				kind = branch;
			};
		};
/* End XCRemoteSwiftPackageReference section */

/* Begin XCSwiftPackageProductDependency section */
		0B08D53E2E6DD82A001902DD /* MagicAlert */ = {
			isa = XCSwiftPackageProductDependency;
			productName = MagicAlert;
		};
		0B08D5402E6DD82A001902DD /* MagicAsset */ = {
			isa = XCSwiftPackageProductDependency;
			productName = MagicAsset;
		};
		0B08D5422E6DD82A001902DD /* MagicContainer */ = {
			isa = XCSwiftPackageProductDependency;
			productName = MagicContainer;
		};
		0B08D5442E6DD82A001902DD /* MagicCore */ = {
			isa = XCSwiftPackageProductDependency;
			productName = MagicCore;
		};
		0B08D5462E6DD82A001902DD /* MagicDevice */ = {
			isa = XCSwiftPackageProductDependency;
			productName = MagicDevice;
		};
		0B34859F2E6DDC4400EBD371 /* MagicAlert */ = {
			isa = XCSwiftPackageProductDependency;
			package = 0B34859E2E6DDC4400EBD371 /* XCRemoteSwiftPackageReference "MagicKit" */;
			productName = MagicAlert;
		};
		0B3485A12E6DDC4400EBD371 /* MagicAsset */ = {
			isa = XCSwiftPackageProductDependency;
			package = 0B34859E2E6DDC4400EBD371 /* XCRemoteSwiftPackageReference "MagicKit" */;
			productName = MagicAsset;
		};
		0B3485A32E6DDC4400EBD371 /* MagicContainer */ = {
			isa = XCSwiftPackageProductDependency;
			package = 0B34859E2E6DDC4400EBD371 /* XCRemoteSwiftPackageReference "MagicKit" */;
			productName = MagicContainer;
		};
		0B3485A52E6DDC4400EBD371 /* MagicCore */ = {
			isa = XCSwiftPackageProductDependency;
			package = 0B34859E2E6DDC4400EBD371 /* XCRemoteSwiftPackageReference "MagicKit" */;
			productName = MagicCore;
		};
		0B3485A72E6DDC4400EBD371 /* MagicDevice */ = {
			isa = XCSwiftPackageProductDependency;
			package = 0B34859E2E6DDC4400EBD371 /* XCRemoteSwiftPackageReference "MagicKit" */;
			productName = MagicDevice;
		};
		0B3485A92E6DDC4400EBD371 /* MagicError */ = {
			isa = XCSwiftPackageProductDependency;
			package = 0B34859E2E6DDC4400EBD371 /* XCRemoteSwiftPackageReference "MagicKit" */;
			productName = MagicError;
		};
		0B4D15AE2E6D248200CAB5C7 /* MagicAsset */ = {
			isa = XCSwiftPackageProductDependency;
			productName = MagicAsset;
		};
		0B4D15B02E6D248200CAB5C7 /* MagicCore */ = {
			isa = XCSwiftPackageProductDependency;
			productName = MagicCore;
		};
		0BE0D9EC2E6F164E00B5F80C /* MagicUI */ = {
			isa = XCSwiftPackageProductDependency;
			package = F52D4A1C2E6E8A24007F53A3 /* XCRemoteSwiftPackageReference "MagicKit" */;
			productName = MagicUI;
		};
		F500B3ED2DE463A1009CC54C /* MagicCore */ = {
			isa = XCSwiftPackageProductDependency;
			package = 0B737BA82D12EA6700712ABA /* XCRemoteSwiftPackageReference "MagicKit" */;
			productName = MagicCore;
		};
		F508829F2E7BB462004FB427 /* MagicDesktop */ = {
			isa = XCSwiftPackageProductDependency;
			package = F52D4A1C2E6E8A24007F53A3 /* XCRemoteSwiftPackageReference "MagicKit" */;
			productName = MagicDesktop;
		};
		F52D4A1D2E6E8A24007F53A3 /* MagicAlert */ = {
			isa = XCSwiftPackageProductDependency;
			package = F52D4A1C2E6E8A24007F53A3 /* XCRemoteSwiftPackageReference "MagicKit" */;
			productName = MagicAlert;
		};
		F52D4A1F2E6E8A24007F53A3 /* MagicAsset */ = {
			isa = XCSwiftPackageProductDependency;
			package = F52D4A1C2E6E8A24007F53A3 /* XCRemoteSwiftPackageReference "MagicKit" */;
			productName = MagicAsset;
		};
		F52D4A212E6E8A24007F53A3 /* MagicBackground */ = {
			isa = XCSwiftPackageProductDependency;
			package = F52D4A1C2E6E8A24007F53A3 /* XCRemoteSwiftPackageReference "MagicKit" */;
			productName = MagicBackground;
		};
		F52D4A232E6E8A24007F53A3 /* MagicContainer */ = {
			isa = XCSwiftPackageProductDependency;
			package = F52D4A1C2E6E8A24007F53A3 /* XCRemoteSwiftPackageReference "MagicKit" */;
			productName = MagicContainer;
		};
		F52D4A252E6E8A24007F53A3 /* MagicCore */ = {
			isa = XCSwiftPackageProductDependency;
			package = F52D4A1C2E6E8A24007F53A3 /* XCRemoteSwiftPackageReference "MagicKit" */;
			productName = MagicCore;
		};
		F52D4A272E6E8A24007F53A3 /* MagicDevice */ = {
			isa = XCSwiftPackageProductDependency;
			package = F52D4A1C2E6E8A24007F53A3 /* XCRemoteSwiftPackageReference "MagicKit" */;
			productName = MagicDevice;
		};
		F52D4A292E6E8A24007F53A3 /* MagicError */ = {
			isa = XCSwiftPackageProductDependency;
			package = F52D4A1C2E6E8A24007F53A3 /* XCRemoteSwiftPackageReference "MagicKit" */;
			productName = MagicError;
		};
		F52D4A2B2E6E8A24007F53A3 /* MagicUI */ = {
			isa = XCSwiftPackageProductDependency;
			package = F52D4A1C2E6E8A24007F53A3 /* XCRemoteSwiftPackageReference "MagicKit" */;
			productName = MagicUI;
		};
		F5B8C27E2DF14B8300C35A76 /* MagicCore */ = {
			isa = XCSwiftPackageProductDependency;
			package = 0B737BA82D12EA6700712ABA /* XCRemoteSwiftPackageReference "MagicKit" */;
			productName = MagicCore;
		};
		F5D27E282E6E60F5006B3CB2 /* MagicAlert */ = {
			isa = XCSwiftPackageProductDependency;
			package = F5D27E272E6E60F5006B3CB2 /* XCRemoteSwiftPackageReference "MagicKit" */;
			productName = MagicAlert;
		};
		F5D27E2A2E6E60F5006B3CB2 /* MagicAsset */ = {
			isa = XCSwiftPackageProductDependency;
			package = F5D27E272E6E60F5006B3CB2 /* XCRemoteSwiftPackageReference "MagicKit" */;
			productName = MagicAsset;
		};
		F5D27E2C2E6E60F5006B3CB2 /* MagicBackground */ = {
			isa = XCSwiftPackageProductDependency;
			package = F5D27E272E6E60F5006B3CB2 /* XCRemoteSwiftPackageReference "MagicKit" */;
			productName = MagicBackground;
		};
		F5D27E2E2E6E60F5006B3CB2 /* MagicContainer */ = {
			isa = XCSwiftPackageProductDependency;
			package = F5D27E272E6E60F5006B3CB2 /* XCRemoteSwiftPackageReference "MagicKit" */;
			productName = MagicContainer;
		};
		F5D27E302E6E60F5006B3CB2 /* MagicCore */ = {
			isa = XCSwiftPackageProductDependency;
			package = F5D27E272E6E60F5006B3CB2 /* XCRemoteSwiftPackageReference "MagicKit" */;
			productName = MagicCore;
		};
		F5D27E322E6E60F5006B3CB2 /* MagicDevice */ = {
			isa = XCSwiftPackageProductDependency;
			package = F5D27E272E6E60F5006B3CB2 /* XCRemoteSwiftPackageReference "MagicKit" */;
			productName = MagicDevice;
		};
		F5D27E342E6E60F5006B3CB2 /* MagicError */ = {
			isa = XCSwiftPackageProductDependency;
			package = F5D27E272E6E60F5006B3CB2 /* XCRemoteSwiftPackageReference "MagicKit" */;
			productName = MagicError;
		};
/* End XCSwiftPackageProductDependency section */
	};
	rootObject = C4B45DAD22739FFF0050C59B /* Project object */;
}
