// !$*UTF8*$!
{
	archiveVersion = 1;
	classes = {
	};
	objectVersion = 54;
	objects = {

/* Begin PBXBuildFile section */
		0B09F6852B3E51F900B90A59 /* ExtConfig.swift in Sources */ = {isa = PBXBuildFile; fileRef = 0B09F6842B3E51F900B90A59 /* ExtConfig.swift */; };
		0B09F68F2B3EAD8900B90A59 /* BtnInstall.swift in Sources */ = {isa = PBXBuildFile; fileRef = 0B09F68D2B3EAD7400B90A59 /* BtnInstall.swift */; };
		0B09F6912B3EB6DF00B90A59 /* Location.swift in Sources */ = {isa = PBXBuildFile; fileRef = 0B09F6902B3EB6DF00B90A59 /* Location.swift */; };
		0B09F6922B3EB84100B90A59 /* Location.swift in Sources */ = {isa = PBXBuildFile; fileRef = 0B09F6902B3EB6DF00B90A59 /* Location.swift */; };
		0B19F0C52B3AB6AB002D8FAC /* AppLine.swift in Sources */ = {isa = PBXBuildFile; fileRef = 0B19F0C42B3AB6AB002D8FAC /* AppLine.swift */; };
		0B1C33FC2B39C1E7004A5E36 /* SmartApp.swift in Sources */ = {isa = PBXBuildFile; fileRef = 0B1C33FB2B39C1E7004A5E36 /* SmartApp.swift */; };
		0B1C33FE2B39C2AA004A5E36 /* Toolbar.swift in Sources */ = {isa = PBXBuildFile; fileRef = 0B1C33FD2B39C2AA004A5E36 /* Toolbar.swift */; };
		0B1D14982B3A63A3005A3D65 /* BackgroundView.swift in Sources */ = {isa = PBXBuildFile; fileRef = 0B1D14972B3A63A3005A3D65 /* BackgroundView.swift */; };
		0B1D149C2B3A69F1005A3D65 /* DateExt.swift in Sources */ = {isa = PBXBuildFile; fileRef = 0B1D149B2B3A69F1005A3D65 /* DateExt.swift */; };
		0B1D149F2B3A78EC005A3D65 /* AppSetting.swift in Sources */ = {isa = PBXBuildFile; fileRef = 0B1D149E2B3A78EC005A3D65 /* AppSetting.swift */; };
		0B1D14A22B3A99AC005A3D65 /* AppConfig.swift in Sources */ = {isa = PBXBuildFile; fileRef = 0B1D14A12B3A99AC005A3D65 /* AppConfig.swift */; };
		0B1D14A42B3A9ED0005A3D65 /* DatabaseView.swift in Sources */ = {isa = PBXBuildFile; fileRef = 0B1D14A32B3A9ED0005A3D65 /* DatabaseView.swift */; };
		0B1D14A72B3AA062005A3D65 /* DebugCommand.swift in Sources */ = {isa = PBXBuildFile; fileRef = 0B1D14A62B3AA062005A3D65 /* DebugCommand.swift */; };
		0B2551722B3FBFBE0005096C /* AppListSample.swift in Sources */ = {isa = PBXBuildFile; fileRef = 0B2551712B3FBFBE0005096C /* AppListSample.swift */; };
		0B2551742B3FD3C30005096C /* DisplayType.swift in Sources */ = {isa = PBXBuildFile; fileRef = 0B2551732B3FD3C30005096C /* DisplayType.swift */; };
		0B3399252B3907F3005CC627 /* TravelModeApp.swift in Sources */ = {isa = PBXBuildFile; fileRef = 0B5B1CA72B385BF30002421E /* TravelModeApp.swift */; };
		0B3399262B3907F6005CC627 /* ContentView.swift in Sources */ = {isa = PBXBuildFile; fileRef = 0B5B1CA92B385BF30002421E /* ContentView.swift */; };
		0B3399272B3907F8005CC627 /* ChannelProvider.swift in Sources */ = {isa = PBXBuildFile; fileRef = 0B5B1CBF2B3865F90002421E /* ChannelProvider.swift */; };
		0B33992A2B390D44005CC627 /* EventManager.swift in Sources */ = {isa = PBXBuildFile; fileRef = 0B3399292B390D44005CC627 /* EventManager.swift */; };
		0B33992D2B3911F1005CC627 /* FirewallEvent.swift in Sources */ = {isa = PBXBuildFile; fileRef = 0B33992C2B3911F1005CC627 /* FirewallEvent.swift */; };
		0B3399302B3914EF005CC627 /* AppManager.swift in Sources */ = {isa = PBXBuildFile; fileRef = 0B33992F2B3914EF005CC627 /* AppManager.swift */; };
		0B3399332B391619005CC627 /* RootView.swift in Sources */ = {isa = PBXBuildFile; fileRef = 0B3399322B391619005CC627 /* RootView.swift */; };
		0B3399362B391AE4005CC627 /* Logger.swift in Sources */ = {isa = PBXBuildFile; fileRef = 0B3399352B391AE4005CC627 /* Logger.swift */; };
		0B3399382B39277B005CC627 /* EventList.swift in Sources */ = {isa = PBXBuildFile; fileRef = 0B3399372B39277B005CC627 /* EventList.swift */; };
		0B33993A2B392B20005CC627 /* FilterStatus.swift in Sources */ = {isa = PBXBuildFile; fileRef = 0B3399392B392B20005CC627 /* FilterStatus.swift */; };
		0B408A2C2B395A77000E77DB /* NEFilterFlowExt.swift in Sources */ = {isa = PBXBuildFile; fileRef = 0B408A2B2B395A77000E77DB /* NEFilterFlowExt.swift */; };
		0B408A302B39612B000E77DB /* AppHelper.swift in Sources */ = {isa = PBXBuildFile; fileRef = 0B408A2F2B39612B000E77DB /* AppHelper.swift */; };
		0B40CE422B39646100DC6771 /* AppList.swift in Sources */ = {isa = PBXBuildFile; fileRef = 0B40CE412B39646100DC6771 /* AppList.swift */; };
		0B737BAA2D12EA6700712ABA /* MagicKit in Frameworks */ = {isa = PBXBuildFile; productRef = 0B737BA92D12EA6700712ABA /* MagicKit */; };
		0B737BAC2D12ECF000712ABA /* MagicKit in Frameworks */ = {isa = PBXBuildFile; productRef = 0B737BAB2D12ECF000712ABA /* MagicKit */; };
		0B737BAF2D12F1EC00712ABA /* AlertToast in Frameworks */ = {isa = PBXBuildFile; productRef = 0B737BAE2D12F1EC00712ABA /* AlertToast */; };
		0B737BB22D12F22500712ABA /* MessageProvider.swift in Sources */ = {isa = PBXBuildFile; fileRef = 0B737BB12D12F22500712ABA /* MessageProvider.swift */; };
		0B737BB42D12F24A00712ABA /* SmartMessage.swift in Sources */ = {isa = PBXBuildFile; fileRef = 0B737BB32D12F24A00712ABA /* SmartMessage.swift */; };
		0B737BB72D12F2AF00712ABA /* SuperEvent.swift in Sources */ = {isa = PBXBuildFile; fileRef = 0B737BB62D12F2AF00712ABA /* SuperEvent.swift */; };
		0B81F59B2B3D008C00F65A4B /* WelcomeView.swift in Sources */ = {isa = PBXBuildFile; fileRef = 0B81F59A2B3D008C00F65A4B /* WelcomeView.swift */; };
		0BE2F0512D159D0E008BC604 /* Localizable.xcstrings in Resources */ = {isa = PBXBuildFile; fileRef = 0BE2F0502D159D0E008BC604 /* Localizable.xcstrings */; };
		C40A5C46229DD6A500627D50 /* NetworkExtension.framework in Frameworks */ = {isa = PBXBuildFile; fileRef = C4B45DDD2273A3450050C59B /* NetworkExtension.framework */; };
		C40A5C4B229DD6A500627D50 /* main.swift in Sources */ = {isa = PBXBuildFile; fileRef = C40A5C4A229DD6A500627D50 /* main.swift */; };
		C40A5C50229DD6A500627D50 /* com.yueyi.TravelMode.Extension.systemextension in Embed System Extensions */ = {isa = PBXBuildFile; fileRef = C40A5C45229DD6A500627D50 /* com.yueyi.TravelMode.Extension.systemextension */; settings = {ATTRIBUTES = (RemoveHeadersOnCopy, ); }; };
		C40A5C56229DD92E00627D50 /* IPCConnection.swift in Sources */ = {isa = PBXBuildFile; fileRef = C4B1415A227A396500B26560 /* IPCConnection.swift */; };
		C40A5C57229DD93200627D50 /* FilterDataProvider.swift in Sources */ = {isa = PBXBuildFile; fileRef = C4E0DBB42273BEA0005B02F4 /* FilterDataProvider.swift */; };
		C4B1415C227BBC0200B26560 /* IPCConnection.swift in Sources */ = {isa = PBXBuildFile; fileRef = C4B1415A227A396500B26560 /* IPCConnection.swift */; };
		C4B45DBD2273A0020050C59B /* Assets.xcassets in Resources */ = {isa = PBXBuildFile; fileRef = C4B45DBC2273A0020050C59B /* Assets.xcassets */; };
		C4B45DDE2273A3450050C59B /* NetworkExtension.framework in Frameworks */ = {isa = PBXBuildFile; fileRef = C4B45DDD2273A3450050C59B /* NetworkExtension.framework */; };
		F589B5BD2D13A10700C7E449 /* OSExt.swift in Sources */ = {isa = PBXBuildFile; fileRef = F589B5BC2D13A10300C7E449 /* OSExt.swift */; };
		F589B5BF2D13A4AA00C7E449 /* InstallView.swift in Sources */ = {isa = PBXBuildFile; fileRef = F589B5BE2D13A4AA00C7E449 /* InstallView.swift */; };
		F5E3D9C92D13A84500D9C9D3 /* MessageTable.swift in Sources */ = {isa = PBXBuildFile; fileRef = F5E3D9C82D13A84500D9C9D3 /* MessageTable.swift */; };
		F5E3D9CD2D13A86600D9C9D3 /* TileMessage.swift in Sources */ = {isa = PBXBuildFile; fileRef = F5E3D9CC2D13A86600D9C9D3 /* TileMessage.swift */; };
		F5E3D9CF2D13A89B00D9C9D3 /* PluginProvider.swift in Sources */ = {isa = PBXBuildFile; fileRef = F5E3D9CE2D13A89B00D9C9D3 /* PluginProvider.swift */; };
		F5E3D9D12D13A8D800D9C9D3 /* StatusBar.swift in Sources */ = {isa = PBXBuildFile; fileRef = F5E3D9D02D13A8D800D9C9D3 /* StatusBar.swift */; };
		F5E3D9D32D13BC2400D9C9D3 /* ApprovalView.swift in Sources */ = {isa = PBXBuildFile; fileRef = F5E3D9D22D13BC2400D9C9D3 /* ApprovalView.swift */; };
		F5E3D9D52D13BE2C00D9C9D3 /* RunningView.swift in Sources */ = {isa = PBXBuildFile; fileRef = F5E3D9D42D13BE2C00D9C9D3 /* RunningView.swift */; };
		F5E3D9D72D13BEFB00D9C9D3 /* StopView.swift in Sources */ = {isa = PBXBuildFile; fileRef = F5E3D9D62D13BEFB00D9C9D3 /* StopView.swift */; };
		F5E3D9D92D13BFA400D9C9D3 /* BtnStart.swift in Sources */ = {isa = PBXBuildFile; fileRef = F5E3D9D82D13BFA400D9C9D3 /* BtnStart.swift */; };
		F5E3D9DB2D13C01E00D9C9D3 /* BtnStop.swift in Sources */ = {isa = PBXBuildFile; fileRef = F5E3D9DA2D13C01E00D9C9D3 /* BtnStop.swift */; };
		F5E3D9DD2D13C34100D9C9D3 /* DisabledView.swift in Sources */ = {isa = PBXBuildFile; fileRef = F5E3D9DC2D13C34100D9C9D3 /* DisabledView.swift */; };
		F5E3D9DF2D13CA7C00D9C9D3 /* UnkownView.swift in Sources */ = {isa = PBXBuildFile; fileRef = F5E3D9DE2D13CA7C00D9C9D3 /* UnkownView.swift */; };
		F5E3D9E22D13D7AD00D9C9D3 /* ExtNotReady.swift in Sources */ = {isa = PBXBuildFile; fileRef = F5E3D9E12D13D7AD00D9C9D3 /* ExtNotReady.swift */; };
		F5E3D9E82D14003400D9C9D3 /* BtnDeny.swift in Sources */ = {isa = PBXBuildFile; fileRef = F5E3D9E72D14003400D9C9D3 /* BtnDeny.swift */; };
		F5E3D9EA2D1401E400D9C9D3 /* BtnAllow.swift in Sources */ = {isa = PBXBuildFile; fileRef = F5E3D9E92D1401E400D9C9D3 /* BtnAllow.swift */; };
		F5E3D9F42D15198100D9C9D3 /* BtnToggleLog.swift in Sources */ = {isa = PBXBuildFile; fileRef = F5E3D9F32D15197D00D9C9D3 /* BtnToggleLog.swift */; };
/* End PBXBuildFile section */

/* Begin PBXContainerItemProxy section */
		C40A5C4E229DD6A500627D50 /* PBXContainerItemProxy */ = {
			isa = PBXContainerItemProxy;
			containerPortal = C4B45DAD22739FFF0050C59B /* Project object */;
			proxyType = 1;
			remoteGlobalIDString = C40A5C44229DD6A500627D50;
			remoteInfo = SimpleFirewallExtension;
		};
/* End PBXContainerItemProxy section */

/* Begin PBXCopyFilesBuildPhase section */
		C40A5C51229DD6A500627D50 /* Embed System Extensions */ = {
			isa = PBXCopyFilesBuildPhase;
			buildActionMask = 2147483647;
			dstPath = "$(SYSTEM_EXTENSIONS_FOLDER_PATH)";
			dstSubfolderSpec = 16;
			files = (
				C40A5C50229DD6A500627D50 /* com.yueyi.TravelMode.Extension.systemextension in Embed System Extensions */,
			);
			name = "Embed System Extensions";
			runOnlyForDeploymentPostprocessing = 0;
		};
/* End PBXCopyFilesBuildPhase section */

/* Begin PBXFileReference section */
		0B09F6842B3E51F900B90A59 /* ExtConfig.swift */ = {isa = PBXFileReference; lastKnownFileType = sourcecode.swift; path = ExtConfig.swift; sourceTree = "<group>"; };
		0B09F68D2B3EAD7400B90A59 /* BtnInstall.swift */ = {isa = PBXFileReference; lastKnownFileType = sourcecode.swift; path = BtnInstall.swift; sourceTree = "<group>"; };
		0B09F6902B3EB6DF00B90A59 /* Location.swift */ = {isa = PBXFileReference; lastKnownFileType = sourcecode.swift; path = Location.swift; sourceTree = "<group>"; };
		0B19F0C42B3AB6AB002D8FAC /* AppLine.swift */ = {isa = PBXFileReference; lastKnownFileType = sourcecode.swift; path = AppLine.swift; sourceTree = "<group>"; };
		0B1C33FB2B39C1E7004A5E36 /* SmartApp.swift */ = {isa = PBXFileReference; lastKnownFileType = sourcecode.swift; path = SmartApp.swift; sourceTree = "<group>"; };
		0B1C33FD2B39C2AA004A5E36 /* Toolbar.swift */ = {isa = PBXFileReference; lastKnownFileType = sourcecode.swift; path = Toolbar.swift; sourceTree = "<group>"; };
		0B1D14972B3A63A3005A3D65 /* BackgroundView.swift */ = {isa = PBXFileReference; lastKnownFileType = sourcecode.swift; path = BackgroundView.swift; sourceTree = "<group>"; };
		0B1D149B2B3A69F1005A3D65 /* DateExt.swift */ = {isa = PBXFileReference; lastKnownFileType = sourcecode.swift; path = DateExt.swift; sourceTree = "<group>"; };
		0B1D149E2B3A78EC005A3D65 /* AppSetting.swift */ = {isa = PBXFileReference; lastKnownFileType = sourcecode.swift; path = AppSetting.swift; sourceTree = "<group>"; };
		0B1D14A12B3A99AC005A3D65 /* AppConfig.swift */ = {isa = PBXFileReference; lastKnownFileType = sourcecode.swift; path = AppConfig.swift; sourceTree = "<group>"; };
		0B1D14A32B3A9ED0005A3D65 /* DatabaseView.swift */ = {isa = PBXFileReference; lastKnownFileType = sourcecode.swift; path = DatabaseView.swift; sourceTree = "<group>"; };
		0B1D14A62B3AA062005A3D65 /* DebugCommand.swift */ = {isa = PBXFileReference; lastKnownFileType = sourcecode.swift; path = DebugCommand.swift; sourceTree = "<group>"; };
		0B2551712B3FBFBE0005096C /* AppListSample.swift */ = {isa = PBXFileReference; lastKnownFileType = sourcecode.swift; path = AppListSample.swift; sourceTree = "<group>"; };
		0B2551732B3FD3C30005096C /* DisplayType.swift */ = {isa = PBXFileReference; lastKnownFileType = sourcecode.swift; path = DisplayType.swift; sourceTree = "<group>"; };
		0B3399292B390D44005CC627 /* EventManager.swift */ = {isa = PBXFileReference; lastKnownFileType = sourcecode.swift; path = EventManager.swift; sourceTree = "<group>"; };
		0B33992C2B3911F1005CC627 /* FirewallEvent.swift */ = {isa = PBXFileReference; lastKnownFileType = sourcecode.swift; path = FirewallEvent.swift; sourceTree = "<group>"; };
		0B33992F2B3914EF005CC627 /* AppManager.swift */ = {isa = PBXFileReference; lastKnownFileType = sourcecode.swift; path = AppManager.swift; sourceTree = "<group>"; };
		0B3399322B391619005CC627 /* RootView.swift */ = {isa = PBXFileReference; lastKnownFileType = sourcecode.swift; path = RootView.swift; sourceTree = "<group>"; };
		0B3399352B391AE4005CC627 /* Logger.swift */ = {isa = PBXFileReference; lastKnownFileType = sourcecode.swift; path = Logger.swift; sourceTree = "<group>"; };
		0B3399372B39277B005CC627 /* EventList.swift */ = {isa = PBXFileReference; lastKnownFileType = sourcecode.swift; path = EventList.swift; sourceTree = "<group>"; };
		0B3399392B392B20005CC627 /* FilterStatus.swift */ = {isa = PBXFileReference; lastKnownFileType = sourcecode.swift; path = FilterStatus.swift; sourceTree = "<group>"; };
		0B408A2B2B395A77000E77DB /* NEFilterFlowExt.swift */ = {isa = PBXFileReference; lastKnownFileType = sourcecode.swift; path = NEFilterFlowExt.swift; sourceTree = "<group>"; };
		0B408A2F2B39612B000E77DB /* AppHelper.swift */ = {isa = PBXFileReference; lastKnownFileType = sourcecode.swift; path = AppHelper.swift; sourceTree = "<group>"; };
		0B40CE412B39646100DC6771 /* AppList.swift */ = {isa = PBXFileReference; lastKnownFileType = sourcecode.swift; path = AppList.swift; sourceTree = "<group>"; };
		0B5B1CA72B385BF30002421E /* TravelModeApp.swift */ = {isa = PBXFileReference; lastKnownFileType = sourcecode.swift; path = TravelModeApp.swift; sourceTree = "<group>"; };
		0B5B1CA92B385BF30002421E /* ContentView.swift */ = {isa = PBXFileReference; lastKnownFileType = sourcecode.swift; path = ContentView.swift; sourceTree = "<group>"; };
		0B5B1CBF2B3865F90002421E /* ChannelProvider.swift */ = {isa = PBXFileReference; lastKnownFileType = sourcecode.swift; path = ChannelProvider.swift; sourceTree = "<group>"; };
		0B737BB12D12F22500712ABA /* MessageProvider.swift */ = {isa = PBXFileReference; lastKnownFileType = sourcecode.swift; path = MessageProvider.swift; sourceTree = "<group>"; };
		0B737BB32D12F24A00712ABA /* SmartMessage.swift */ = {isa = PBXFileReference; lastKnownFileType = sourcecode.swift; path = SmartMessage.swift; sourceTree = "<group>"; };
		0B737BB62D12F2AF00712ABA /* SuperEvent.swift */ = {isa = PBXFileReference; lastKnownFileType = sourcecode.swift; path = SuperEvent.swift; sourceTree = "<group>"; };
		0B81F59A2B3D008C00F65A4B /* WelcomeView.swift */ = {isa = PBXFileReference; lastKnownFileType = sourcecode.swift; path = WelcomeView.swift; sourceTree = "<group>"; };
		0BE2F0502D159D0E008BC604 /* Localizable.xcstrings */ = {isa = PBXFileReference; lastKnownFileType = text.json.xcstrings; path = Localizable.xcstrings; sourceTree = "<group>"; };
		6ED719E06ED6DED000000001 /* SampleCode.xcconfig */ = {isa = PBXFileReference; lastKnownFileType = text.xcconfig; name = SampleCode.xcconfig; path = Configuration/SampleCode.xcconfig; sourceTree = "<group>"; };
		C40A5C45229DD6A500627D50 /* com.yueyi.TravelMode.Extension.systemextension */ = {isa = PBXFileReference; explicitFileType = "wrapper.system-extension"; includeInIndex = 0; path = com.yueyi.TravelMode.Extension.systemextension; sourceTree = BUILT_PRODUCTS_DIR; };
		C40A5C4A229DD6A500627D50 /* main.swift */ = {isa = PBXFileReference; lastKnownFileType = sourcecode.swift; path = main.swift; sourceTree = "<group>"; };
		C40A5C4D229DD6A500627D50 /* Signing.entitlements */ = {isa = PBXFileReference; lastKnownFileType = text.plist.entitlements; path = Signing.entitlements; sourceTree = "<group>"; };
		C4B1415A227A396500B26560 /* IPCConnection.swift */ = {isa = PBXFileReference; lastKnownFileType = sourcecode.swift; path = IPCConnection.swift; sourceTree = "<group>"; };
		C4B45DB522739FFF0050C59B /* TavelMode.app */ = {isa = PBXFileReference; explicitFileType = wrapper.application; includeInIndex = 0; path = TavelMode.app; sourceTree = BUILT_PRODUCTS_DIR; };
		C4B45DBC2273A0020050C59B /* Assets.xcassets */ = {isa = PBXFileReference; lastKnownFileType = folder.assetcatalog; path = Assets.xcassets; sourceTree = "<group>"; };
		C4B45DC22273A0020050C59B /* Signing.entitlements */ = {isa = PBXFileReference; lastKnownFileType = text.plist.entitlements; path = Signing.entitlements; sourceTree = "<group>"; };
		C4B45DDD2273A3450050C59B /* NetworkExtension.framework */ = {isa = PBXFileReference; lastKnownFileType = wrapper.framework; name = NetworkExtension.framework; path = System/Library/Frameworks/NetworkExtension.framework; sourceTree = SDKROOT; };
		C4E0DBB42273BEA0005B02F4 /* FilterDataProvider.swift */ = {isa = PBXFileReference; fileEncoding = 4; lastKnownFileType = sourcecode.swift; path = FilterDataProvider.swift; sourceTree = "<group>"; };
		F589B5BC2D13A10300C7E449 /* OSExt.swift */ = {isa = PBXFileReference; lastKnownFileType = sourcecode.swift; path = OSExt.swift; sourceTree = "<group>"; };
		F589B5BE2D13A4AA00C7E449 /* InstallView.swift */ = {isa = PBXFileReference; lastKnownFileType = sourcecode.swift; path = InstallView.swift; sourceTree = "<group>"; };
		F5E3D9C82D13A84500D9C9D3 /* MessageTable.swift */ = {isa = PBXFileReference; lastKnownFileType = sourcecode.swift; path = MessageTable.swift; sourceTree = "<group>"; };
		F5E3D9CC2D13A86600D9C9D3 /* TileMessage.swift */ = {isa = PBXFileReference; lastKnownFileType = sourcecode.swift; path = TileMessage.swift; sourceTree = "<group>"; };
		F5E3D9CE2D13A89B00D9C9D3 /* PluginProvider.swift */ = {isa = PBXFileReference; lastKnownFileType = sourcecode.swift; path = PluginProvider.swift; sourceTree = "<group>"; };
		F5E3D9D02D13A8D800D9C9D3 /* StatusBar.swift */ = {isa = PBXFileReference; lastKnownFileType = sourcecode.swift; path = StatusBar.swift; sourceTree = "<group>"; };
		F5E3D9D22D13BC2400D9C9D3 /* ApprovalView.swift */ = {isa = PBXFileReference; lastKnownFileType = sourcecode.swift; path = ApprovalView.swift; sourceTree = "<group>"; };
		F5E3D9D42D13BE2C00D9C9D3 /* RunningView.swift */ = {isa = PBXFileReference; lastKnownFileType = sourcecode.swift; path = RunningView.swift; sourceTree = "<group>"; };
		F5E3D9D62D13BEFB00D9C9D3 /* StopView.swift */ = {isa = PBXFileReference; lastKnownFileType = sourcecode.swift; path = StopView.swift; sourceTree = "<group>"; };
		F5E3D9D82D13BFA400D9C9D3 /* BtnStart.swift */ = {isa = PBXFileReference; lastKnownFileType = sourcecode.swift; path = BtnStart.swift; sourceTree = "<group>"; };
		F5E3D9DA2D13C01E00D9C9D3 /* BtnStop.swift */ = {isa = PBXFileReference; lastKnownFileType = sourcecode.swift; path = BtnStop.swift; sourceTree = "<group>"; };
		F5E3D9DC2D13C34100D9C9D3 /* DisabledView.swift */ = {isa = PBXFileReference; lastKnownFileType = sourcecode.swift; path = DisabledView.swift; sourceTree = "<group>"; };
		F5E3D9DE2D13CA7C00D9C9D3 /* UnkownView.swift */ = {isa = PBXFileReference; lastKnownFileType = sourcecode.swift; path = UnkownView.swift; sourceTree = "<group>"; };
		F5E3D9E12D13D7AD00D9C9D3 /* ExtNotReady.swift */ = {isa = PBXFileReference; lastKnownFileType = sourcecode.swift; path = ExtNotReady.swift; sourceTree = "<group>"; };
		F5E3D9E72D14003400D9C9D3 /* BtnDeny.swift */ = {isa = PBXFileReference; lastKnownFileType = sourcecode.swift; path = BtnDeny.swift; sourceTree = "<group>"; };
		F5E3D9E92D1401E400D9C9D3 /* BtnAllow.swift */ = {isa = PBXFileReference; lastKnownFileType = sourcecode.swift; path = BtnAllow.swift; sourceTree = "<group>"; };
		F5E3D9F32D15197D00D9C9D3 /* BtnToggleLog.swift */ = {isa = PBXFileReference; lastKnownFileType = sourcecode.swift; path = BtnToggleLog.swift; sourceTree = "<group>"; };
/* End PBXFileReference section */

/* Begin PBXFrameworksBuildPhase section */
		C40A5C42229DD6A500627D50 /* Frameworks */ = {
			isa = PBXFrameworksBuildPhase;
			buildActionMask = 2147483647;
			files = (
				C40A5C46229DD6A500627D50 /* NetworkExtension.framework in Frameworks */,
				0B737BAC2D12ECF000712ABA /* MagicKit in Frameworks */,
			);
			runOnlyForDeploymentPostprocessing = 0;
		};
		C4B45DB222739FFF0050C59B /* Frameworks */ = {
			isa = PBXFrameworksBuildPhase;
			buildActionMask = 2147483647;
			files = (
				0B737BAF2D12F1EC00712ABA /* AlertToast in Frameworks */,
				C4B45DDE2273A3450050C59B /* NetworkExtension.framework in Frameworks */,
				0B737BAA2D12EA6700712ABA /* MagicKit in Frameworks */,
			);
			runOnlyForDeploymentPostprocessing = 0;
		};
/* End PBXFrameworksBuildPhase section */

/* Begin PBXGroup section */
		0B0159902B397BA1005D2628 /* Entity */ = {
			isa = PBXGroup;
			children = (
				0B3399392B392B20005CC627 /* FilterStatus.swift */,
				0B1C33FB2B39C1E7004A5E36 /* SmartApp.swift */,
				0B09F6902B3EB6DF00B90A59 /* Location.swift */,
				0B2551732B3FD3C30005096C /* DisplayType.swift */,
			);
			path = Entity;
			sourceTree = "<group>";
		};
		0B09F68C2B3EAD6400B90A59 /* Buttons */ = {
			isa = PBXGroup;
			children = (
				F5E3D9F32D15197D00D9C9D3 /* BtnToggleLog.swift */,
				F5E3D9E92D1401E400D9C9D3 /* BtnAllow.swift */,
				F5E3D9E72D14003400D9C9D3 /* BtnDeny.swift */,
				F5E3D9DA2D13C01E00D9C9D3 /* BtnStop.swift */,
				F5E3D9D82D13BFA400D9C9D3 /* BtnStart.swift */,
				0B09F68D2B3EAD7400B90A59 /* BtnInstall.swift */,
			);
			path = Buttons;
			sourceTree = "<group>";
		};
		0B1D149D2B3A7891005A3D65 /* Model */ = {
			isa = PBXGroup;
			children = (
				0B1D149E2B3A78EC005A3D65 /* AppSetting.swift */,
			);
			path = Model;
			sourceTree = "<group>";
		};
		0B1D14A02B3A999E005A3D65 /* Config */ = {
			isa = PBXGroup;
			children = (
				0B1D14A12B3A99AC005A3D65 /* AppConfig.swift */,
				0B09F6842B3E51F900B90A59 /* ExtConfig.swift */,
				F589B5BC2D13A10300C7E449 /* OSExt.swift */,
			);
			path = Config;
			sourceTree = "<group>";
		};
		0B1D14A52B3AA051005A3D65 /* Commands */ = {
			isa = PBXGroup;
			children = (
				0B1D14A62B3AA062005A3D65 /* DebugCommand.swift */,
			);
			path = Commands;
			sourceTree = "<group>";
		};
		0B3399282B390D30005CC627 /* ViewModel */ = {
			isa = PBXGroup;
			children = (
				0B3399292B390D44005CC627 /* EventManager.swift */,
				0B33992F2B3914EF005CC627 /* AppManager.swift */,
			);
			path = ViewModel;
			sourceTree = "<group>";
		};
		0B33992B2B3911D9005CC627 /* Event */ = {
			isa = PBXGroup;
			children = (
				0B33992C2B3911F1005CC627 /* FirewallEvent.swift */,
			);
			path = Event;
			sourceTree = "<group>";
		};
		0B3399312B39160B005CC627 /* Bootstrap */ = {
			isa = PBXGroup;
			children = (
				0B737BB32D12F24A00712ABA /* SmartMessage.swift */,
				0B5B1CA72B385BF30002421E /* TravelModeApp.swift */,
				0B3399322B391619005CC627 /* RootView.swift */,
				0B3399352B391AE4005CC627 /* Logger.swift */,
			);
			path = Bootstrap;
			sourceTree = "<group>";
		};
		0B3399342B3916B2005CC627 /* View */ = {
			isa = PBXGroup;
			children = (
				0BC7D31F2DE4105100FAE6DB /* Guide */,
				0B19F0C42B3AB6AB002D8FAC /* AppLine.swift */,
				0B40CE412B39646100DC6771 /* AppList.swift */,
				0B2551712B3FBFBE0005096C /* AppListSample.swift */,
				0B09F68C2B3EAD6400B90A59 /* Buttons */,
				0B5B1CA92B385BF30002421E /* ContentView.swift */,
				0B1D14A32B3A9ED0005A3D65 /* DatabaseView.swift */,
				0B3399372B39277B005CC627 /* EventList.swift */,
				F5E3D9D02D13A8D800D9C9D3 /* StatusBar.swift */,
				F5E3D9D62D13BEFB00D9C9D3 /* StopView.swift */,
				0B1C33FD2B39C2AA004A5E36 /* Toolbar.swift */,
			);
			path = View;
			sourceTree = "<group>";
		};
		0B408A2A2B395A68000E77DB /* Helpers */ = {
			isa = PBXGroup;
			children = (
				0B408A2B2B395A77000E77DB /* NEFilterFlowExt.swift */,
				0B408A2F2B39612B000E77DB /* AppHelper.swift */,
				0B1D14972B3A63A3005A3D65 /* BackgroundView.swift */,
				0B1D149B2B3A69F1005A3D65 /* DateExt.swift */,
			);
			path = Helpers;
			sourceTree = "<group>";
		};
		0B737BB02D12F21C00712ABA /* Providers */ = {
			isa = PBXGroup;
			children = (
				F5E3D9CE2D13A89B00D9C9D3 /* PluginProvider.swift */,
				0B737BB12D12F22500712ABA /* MessageProvider.swift */,
				0B5B1CBF2B3865F90002421E /* ChannelProvider.swift */,
			);
			path = Providers;
			sourceTree = "<group>";
		};
		0B737BB52D12F2A500712ABA /* Contract */ = {
			isa = PBXGroup;
			children = (
				0B737BB62D12F2AF00712ABA /* SuperEvent.swift */,
			);
			path = Contract;
			sourceTree = "<group>";
		};
		0BC7D31F2DE4105100FAE6DB /* Guide */ = {
			isa = PBXGroup;
			children = (
				F5E3D9E12D13D7AD00D9C9D3 /* ExtNotReady.swift */,
				F5E3D9DE2D13CA7C00D9C9D3 /* UnkownView.swift */,
				F5E3D9DC2D13C34100D9C9D3 /* DisabledView.swift */,
				F589B5BE2D13A4AA00C7E449 /* InstallView.swift */,
				F5E3D9D42D13BE2C00D9C9D3 /* RunningView.swift */,
				F5E3D9D22D13BC2400D9C9D3 /* ApprovalView.swift */,
				0B81F59A2B3D008C00F65A4B /* WelcomeView.swift */,
			);
			path = Guide;
			sourceTree = "<group>";
		};
		6ED613506ED6B88000000001 /* Configuration */ = {
			isa = PBXGroup;
			children = (
				6ED719E06ED6DED000000001 /* SampleCode.xcconfig */,
			);
			name = Configuration;
			sourceTree = "<group>";
		};
		C40A5C47229DD6A500627D50 /* Extension */ = {
			isa = PBXGroup;
			children = (
				C4E0DBB42273BEA0005B02F4 /* FilterDataProvider.swift */,
				C4B1415A227A396500B26560 /* IPCConnection.swift */,
				C40A5C4A229DD6A500627D50 /* main.swift */,
				C40A5C4D229DD6A500627D50 /* Signing.entitlements */,
			);
			path = Extension;
			sourceTree = "<group>";
		};
		C4B45DAC22739FFF0050C59B = {
			isa = PBXGroup;
			children = (
				C4B45DB722739FFF0050C59B /* TravelMode */,
				C40A5C47229DD6A500627D50 /* Extension */,
				C4B45DB622739FFF0050C59B /* Products */,
				C4B45DDC2273A3450050C59B /* Frameworks */,
				6ED613506ED6B88000000001 /* Configuration */,
			);
			sourceTree = "<group>";
		};
		C4B45DB622739FFF0050C59B /* Products */ = {
			isa = PBXGroup;
			children = (
				C4B45DB522739FFF0050C59B /* TavelMode.app */,
				C40A5C45229DD6A500627D50 /* com.yueyi.TravelMode.Extension.systemextension */,
			);
			name = Products;
			sourceTree = "<group>";
		};
		C4B45DB722739FFF0050C59B /* TravelMode */ = {
			isa = PBXGroup;
			children = (
				C4B45DBC2273A0020050C59B /* Assets.xcassets */,
				0BE2F0502D159D0E008BC604 /* Localizable.xcstrings */,
				0B3399312B39160B005CC627 /* Bootstrap */,
				0B1D14A52B3AA051005A3D65 /* Commands */,
				0B1D14A02B3A999E005A3D65 /* Config */,
				0B737BB52D12F2A500712ABA /* Contract */,
				0B0159902B397BA1005D2628 /* Entity */,
				0B33992B2B3911D9005CC627 /* Event */,
				0B408A2A2B395A68000E77DB /* Helpers */,
				0B1D149D2B3A7891005A3D65 /* Model */,
				F5E3D9C62D13A81300D9C9D3 /* Plugins */,
				0B737BB02D12F21C00712ABA /* Providers */,
				C4B45DC22273A0020050C59B /* Signing.entitlements */,
				0B3399342B3916B2005CC627 /* View */,
				0B3399282B390D30005CC627 /* ViewModel */,
			);
			path = TravelMode;
			sourceTree = "<group>";
		};
		C4B45DDC2273A3450050C59B /* Frameworks */ = {
			isa = PBXGroup;
			children = (
				C4B45DDD2273A3450050C59B /* NetworkExtension.framework */,
			);
			name = Frameworks;
			sourceTree = "<group>";
		};
		F5E3D9C62D13A81300D9C9D3 /* Plugins */ = {
			isa = PBXGroup;
			children = (
				F5E3D9C72D13A82D00D9C9D3 /* SmartMessage */,
			);
			path = Plugins;
			sourceTree = "<group>";
		};
		F5E3D9C72D13A82D00D9C9D3 /* SmartMessage */ = {
			isa = PBXGroup;
			children = (
				F5E3D9CC2D13A86600D9C9D3 /* TileMessage.swift */,
				F5E3D9C82D13A84500D9C9D3 /* MessageTable.swift */,
			);
			path = SmartMessage;
			sourceTree = "<group>";
		};
/* End PBXGroup section */

/* Begin PBXNativeTarget section */
		C40A5C44229DD6A500627D50 /* Extension */ = {
			isa = PBXNativeTarget;
			buildConfigurationList = C40A5C54229DD6A500627D50 /* Build configuration list for PBXNativeTarget "Extension" */;
			buildPhases = (
				C40A5C41229DD6A500627D50 /* Sources */,
				C40A5C42229DD6A500627D50 /* Frameworks */,
				C40A5C43229DD6A500627D50 /* Resources */,
			);
			buildRules = (
			);
			dependencies = (
			);
			name = Extension;
			productName = SimpleFirewallExtension;
			productReference = C40A5C45229DD6A500627D50 /* com.yueyi.TravelMode.Extension.systemextension */;
			productType = "com.apple.product-type.system-extension";
		};
		C4B45DB422739FFF0050C59B /* TavelMode */ = {
			isa = PBXNativeTarget;
			buildConfigurationList = C4B45DC52273A0020050C59B /* Build configuration list for PBXNativeTarget "TavelMode" */;
			buildPhases = (
				C4B45DB122739FFF0050C59B /* Sources */,
				C4B45DB222739FFF0050C59B /* Frameworks */,
				C4B45DB322739FFF0050C59B /* Resources */,
				C40A5C51229DD6A500627D50 /* Embed System Extensions */,
			);
			buildRules = (
			);
			dependencies = (
				C40A5C4F229DD6A500627D50 /* PBXTargetDependency */,
			);
			name = TavelMode;
			productName = SimpleFirewall;
			productReference = C4B45DB522739FFF0050C59B /* TavelMode.app */;
			productType = "com.apple.product-type.application";
		};
/* End PBXNativeTarget section */

/* Begin PBXProject section */
		C4B45DAD22739FFF0050C59B /* Project object */ = {
			isa = PBXProject;
			attributes = {
				BuildIndependentTargetsInParallel = YES;
				DefaultBuildSystemTypeForWorkspace = Latest;
				LastSwiftUpdateCheck = 1510;
				LastUpgradeCheck = 1620;
				ORGANIZATIONNAME = Apple;
				TargetAttributes = {
					C40A5C44229DD6A500627D50 = {
						CreatedOnToolsVersion = 11.0;
					};
					C4B45DB422739FFF0050C59B = {
						CreatedOnToolsVersion = 11.0;
					};
				};
			};
			buildConfigurationList = C4B45DB022739FFF0050C59B /* Build configuration list for PBXProject "TravelMode" */;
			compatibilityVersion = "Xcode 9.3";
			developmentRegion = en;
			hasScannedForEncodings = 0;
			knownRegions = (
				en,
				Base,
				"zh-Hans",
			);
			mainGroup = C4B45DAC22739FFF0050C59B;
			packageReferences = (
				0B737BA82D12EA6700712ABA /* XCRemoteSwiftPackageReference "MagicKit" */,
				0B737BAD2D12F1EC00712ABA /* XCRemoteSwiftPackageReference "AlertToast" */,
			);
			productRefGroup = C4B45DB622739FFF0050C59B /* Products */;
			projectDirPath = "";
			projectRoot = "";
			targets = (
				C4B45DB422739FFF0050C59B /* TavelMode */,
				C40A5C44229DD6A500627D50 /* Extension */,
			);
		};
/* End PBXProject section */

/* Begin PBXResourcesBuildPhase section */
		C40A5C43229DD6A500627D50 /* Resources */ = {
			isa = PBXResourcesBuildPhase;
			buildActionMask = 2147483647;
			files = (
			);
			runOnlyForDeploymentPostprocessing = 0;
		};
		C4B45DB322739FFF0050C59B /* Resources */ = {
			isa = PBXResourcesBuildPhase;
			buildActionMask = 2147483647;
			files = (
				0BE2F0512D159D0E008BC604 /* Localizable.xcstrings in Resources */,
				C4B45DBD2273A0020050C59B /* Assets.xcassets in Resources */,
			);
			runOnlyForDeploymentPostprocessing = 0;
		};
/* End PBXResourcesBuildPhase section */

/* Begin PBXSourcesBuildPhase section */
		C40A5C41229DD6A500627D50 /* Sources */ = {
			isa = PBXSourcesBuildPhase;
			buildActionMask = 2147483647;
			files = (
				C40A5C57229DD93200627D50 /* FilterDataProvider.swift in Sources */,
				C40A5C56229DD92E00627D50 /* IPCConnection.swift in Sources */,
				C40A5C4B229DD6A500627D50 /* main.swift in Sources */,
				0B09F6912B3EB6DF00B90A59 /* Location.swift in Sources */,
			);
			runOnlyForDeploymentPostprocessing = 0;
		};
		C4B45DB122739FFF0050C59B /* Sources */ = {
			isa = PBXSourcesBuildPhase;
			buildActionMask = 2147483647;
			files = (
				F5E3D9D72D13BEFB00D9C9D3 /* StopView.swift in Sources */,
				0B33993A2B392B20005CC627 /* FilterStatus.swift in Sources */,
				F5E3D9D52D13BE2C00D9C9D3 /* RunningView.swift in Sources */,
				F5E3D9F42D15198100D9C9D3 /* BtnToggleLog.swift in Sources */,
				0B1C33FC2B39C1E7004A5E36 /* SmartApp.swift in Sources */,
				0B09F68F2B3EAD8900B90A59 /* BtnInstall.swift in Sources */,
				0B19F0C52B3AB6AB002D8FAC /* AppLine.swift in Sources */,
				0B33992D2B3911F1005CC627 /* FirewallEvent.swift in Sources */,
				0B408A2C2B395A77000E77DB /* NEFilterFlowExt.swift in Sources */,
				F5E3D9D32D13BC2400D9C9D3 /* ApprovalView.swift in Sources */,
				C4B1415C227BBC0200B26560 /* IPCConnection.swift in Sources */,
				0B1D14A22B3A99AC005A3D65 /* AppConfig.swift in Sources */,
				0B3399262B3907F6005CC627 /* ContentView.swift in Sources */,
				F5E3D9D12D13A8D800D9C9D3 /* StatusBar.swift in Sources */,
				F5E3D9DD2D13C34100D9C9D3 /* DisabledView.swift in Sources */,
				0B2551742B3FD3C30005096C /* DisplayType.swift in Sources */,
				0B2551722B3FBFBE0005096C /* AppListSample.swift in Sources */,
				F5E3D9EA2D1401E400D9C9D3 /* BtnAllow.swift in Sources */,
				F589B5BF2D13A4AA00C7E449 /* InstallView.swift in Sources */,
				0B1D14A42B3A9ED0005A3D65 /* DatabaseView.swift in Sources */,
				0B3399252B3907F3005CC627 /* TravelModeApp.swift in Sources */,
				0B1D14982B3A63A3005A3D65 /* BackgroundView.swift in Sources */,
				0B3399362B391AE4005CC627 /* Logger.swift in Sources */,
				0B737BB42D12F24A00712ABA /* SmartMessage.swift in Sources */,
				F5E3D9CF2D13A89B00D9C9D3 /* PluginProvider.swift in Sources */,
				0B09F6922B3EB84100B90A59 /* Location.swift in Sources */,
				0B09F6852B3E51F900B90A59 /* ExtConfig.swift in Sources */,
				F5E3D9DB2D13C01E00D9C9D3 /* BtnStop.swift in Sources */,
				0B1D149F2B3A78EC005A3D65 /* AppSetting.swift in Sources */,
				0B3399332B391619005CC627 /* RootView.swift in Sources */,
				F589B5BD2D13A10700C7E449 /* OSExt.swift in Sources */,
				F5E3D9DF2D13CA7C00D9C9D3 /* UnkownView.swift in Sources */,
				F5E3D9CD2D13A86600D9C9D3 /* TileMessage.swift in Sources */,
				0B33992A2B390D44005CC627 /* EventManager.swift in Sources */,
				0B1C33FE2B39C2AA004A5E36 /* Toolbar.swift in Sources */,
				0B408A302B39612B000E77DB /* AppHelper.swift in Sources */,
				F5E3D9E22D13D7AD00D9C9D3 /* ExtNotReady.swift in Sources */,
				0B3399272B3907F8005CC627 /* ChannelProvider.swift in Sources */,
				0B1D14A72B3AA062005A3D65 /* DebugCommand.swift in Sources */,
				0B81F59B2B3D008C00F65A4B /* WelcomeView.swift in Sources */,
				0B3399382B39277B005CC627 /* EventList.swift in Sources */,
				0B40CE422B39646100DC6771 /* AppList.swift in Sources */,
				0B737BB72D12F2AF00712ABA /* SuperEvent.swift in Sources */,
				F5E3D9D92D13BFA400D9C9D3 /* BtnStart.swift in Sources */,
				F5E3D9C92D13A84500D9C9D3 /* MessageTable.swift in Sources */,
				0B3399302B3914EF005CC627 /* AppManager.swift in Sources */,
				0B737BB22D12F22500712ABA /* MessageProvider.swift in Sources */,
				0B1D149C2B3A69F1005A3D65 /* DateExt.swift in Sources */,
				F5E3D9E82D14003400D9C9D3 /* BtnDeny.swift in Sources */,
			);
			runOnlyForDeploymentPostprocessing = 0;
		};
/* End PBXSourcesBuildPhase section */

/* Begin PBXTargetDependency section */
		C40A5C4F229DD6A500627D50 /* PBXTargetDependency */ = {
			isa = PBXTargetDependency;
			target = C40A5C44229DD6A500627D50 /* Extension */;
			targetProxy = C40A5C4E229DD6A500627D50 /* PBXContainerItemProxy */;
		};
/* End PBXTargetDependency section */

/* Begin XCBuildConfiguration section */
		C40A5C52229DD6A500627D50 /* Debug */ = {
			isa = XCBuildConfiguration;
			baseConfigurationReference = 6ED719E06ED6DED000000001 /* SampleCode.xcconfig */;
			buildSettings = {
				CODE_SIGN_ENTITLEMENTS = Extension/Signing.entitlements;
				CODE_SIGN_IDENTITY = "Mac Developer";
				CODE_SIGN_STYLE = Automatic;
				CURRENT_PROJECT_VERSION = 31;
				DEAD_CODE_STRIPPING = YES;
				DEVELOPMENT_TEAM = Y6HZ9JJYV6;
				ENABLE_HARDENED_RUNTIME = YES;
				INFOPLIST_FILE = Extension/Info.plist;
				LD_RUNPATH_SEARCH_PATHS = (
					"$(inherited)",
					"@executable_path/../Frameworks",
					"@executable_path/../../../../Frameworks",
				);
				MACOSX_DEPLOYMENT_TARGET = 14.6;
				MARKETING_VERSION = 1.0.16;
				PRODUCT_BUNDLE_IDENTIFIER = com.yueyi.TravelMode.Extension;
				PRODUCT_NAME = "$(PRODUCT_BUNDLE_IDENTIFIER)";
				PROVISIONING_PROFILE_SPECIFIER = "";
				SKIP_INSTALL = YES;
				SWIFT_VERSION = 5.0;
			};
			name = Debug;
		};
		C40A5C53229DD6A500627D50 /* Release */ = {
			isa = XCBuildConfiguration;
			baseConfigurationReference = 6ED719E06ED6DED000000001 /* SampleCode.xcconfig */;
			buildSettings = {
				CODE_SIGN_ENTITLEMENTS = Extension/Signing.entitlements;
				CODE_SIGN_IDENTITY = "Mac Developer";
				CODE_SIGN_STYLE = Automatic;
				CURRENT_PROJECT_VERSION = 31;
				DEAD_CODE_STRIPPING = YES;
				DEVELOPMENT_TEAM = Y6HZ9JJYV6;
				ENABLE_HARDENED_RUNTIME = YES;
				INFOPLIST_FILE = Extension/Info.plist;
				LD_RUNPATH_SEARCH_PATHS = (
					"$(inherited)",
					"@executable_path/../Frameworks",
					"@executable_path/../../../../Frameworks",
				);
				MACOSX_DEPLOYMENT_TARGET = 14.6;
				MARKETING_VERSION = 1.0.16;
				PRODUCT_BUNDLE_IDENTIFIER = com.yueyi.TravelMode.Extension;
				PRODUCT_NAME = "$(PRODUCT_BUNDLE_IDENTIFIER)";
				PROVISIONING_PROFILE_SPECIFIER = "";
				SKIP_INSTALL = YES;
				SWIFT_VERSION = 5.0;
			};
			name = Release;
		};
		C4B45DC32273A0020050C59B /* Debug */ = {
			isa = XCBuildConfiguration;
			baseConfigurationReference = 6ED719E06ED6DED000000001 /* SampleCode.xcconfig */;
			buildSettings = {
				ALWAYS_SEARCH_USER_PATHS = NO;
				CLANG_ANALYZER_LOCALIZABILITY_NONLOCALIZED = YES;
				CLANG_ANALYZER_NONNULL = YES;
				CLANG_ANALYZER_NUMBER_OBJECT_CONVERSION = YES_AGGRESSIVE;
				CLANG_CXX_LANGUAGE_STANDARD = "gnu++14";
				CLANG_CXX_LIBRARY = "libc++";
				CLANG_ENABLE_MODULES = YES;
				CLANG_ENABLE_OBJC_ARC = YES;
				CLANG_ENABLE_OBJC_WEAK = YES;
				CLANG_WARN_BLOCK_CAPTURE_AUTORELEASING = YES;
				CLANG_WARN_BOOL_CONVERSION = YES;
				CLANG_WARN_COMMA = YES;
				CLANG_WARN_CONSTANT_CONVERSION = YES;
				CLANG_WARN_DEPRECATED_OBJC_IMPLEMENTATIONS = YES;
				CLANG_WARN_DIRECT_OBJC_ISA_USAGE = YES_ERROR;
				CLANG_WARN_DOCUMENTATION_COMMENTS = YES;
				CLANG_WARN_EMPTY_BODY = YES;
				CLANG_WARN_ENUM_CONVERSION = YES;
				CLANG_WARN_INFINITE_RECURSION = YES;
				CLANG_WARN_INT_CONVERSION = YES;
				CLANG_WARN_NON_LITERAL_NULL_CONVERSION = YES;
				CLANG_WARN_OBJC_IMPLICIT_RETAIN_SELF = YES;
				CLANG_WARN_OBJC_LITERAL_CONVERSION = YES;
				CLANG_WARN_OBJC_ROOT_CLASS = YES_ERROR;
				CLANG_WARN_QUOTED_INCLUDE_IN_FRAMEWORK_HEADER = YES;
				CLANG_WARN_RANGE_LOOP_ANALYSIS = YES;
				CLANG_WARN_STRICT_PROTOTYPES = YES;
				CLANG_WARN_SUSPICIOUS_MOVE = YES;
				CLANG_WARN_UNGUARDED_AVAILABILITY = YES_AGGRESSIVE;
				CLANG_WARN_UNREACHABLE_CODE = YES;
				CLANG_WARN__DUPLICATE_METHOD_MATCH = YES;
				COPY_PHASE_STRIP = NO;
				DEAD_CODE_STRIPPING = YES;
				DEBUG_INFORMATION_FORMAT = dwarf;
				ENABLE_STRICT_OBJC_MSGSEND = YES;
				ENABLE_TESTABILITY = YES;
				ENABLE_USER_SCRIPT_SANDBOXING = YES;
				GCC_C_LANGUAGE_STANDARD = gnu11;
				GCC_DYNAMIC_NO_PIC = NO;
				GCC_NO_COMMON_BLOCKS = YES;
				GCC_OPTIMIZATION_LEVEL = 0;
				GCC_PREPROCESSOR_DEFINITIONS = (
					"DEBUG=1",
					"$(inherited)",
				);
				GCC_WARN_64_TO_32_BIT_CONVERSION = YES;
				GCC_WARN_ABOUT_RETURN_TYPE = YES_ERROR;
				GCC_WARN_UNDECLARED_SELECTOR = YES;
				GCC_WARN_UNINITIALIZED_AUTOS = YES_AGGRESSIVE;
				GCC_WARN_UNUSED_FUNCTION = YES;
				GCC_WARN_UNUSED_VARIABLE = YES;
				MACOSX_DEPLOYMENT_TARGET = 12.0;
				MTL_ENABLE_DEBUG_INFO = INCLUDE_SOURCE;
				MTL_FAST_MATH = YES;
				ONLY_ACTIVE_ARCH = YES;
				SDKROOT = macosx;
				SWIFT_ACTIVE_COMPILATION_CONDITIONS = DEBUG;
				SWIFT_EMIT_LOC_STRINGS = YES;
				SWIFT_OPTIMIZATION_LEVEL = "-Onone";
			};
			name = Debug;
		};
		C4B45DC42273A0020050C59B /* Release */ = {
			isa = XCBuildConfiguration;
			baseConfigurationReference = 6ED719E06ED6DED000000001 /* SampleCode.xcconfig */;
			buildSettings = {
				ALWAYS_SEARCH_USER_PATHS = NO;
				CLANG_ANALYZER_LOCALIZABILITY_NONLOCALIZED = YES;
				CLANG_ANALYZER_NONNULL = YES;
				CLANG_ANALYZER_NUMBER_OBJECT_CONVERSION = YES_AGGRESSIVE;
				CLANG_CXX_LANGUAGE_STANDARD = "gnu++14";
				CLANG_CXX_LIBRARY = "libc++";
				CLANG_ENABLE_MODULES = YES;
				CLANG_ENABLE_OBJC_ARC = YES;
				CLANG_ENABLE_OBJC_WEAK = YES;
				CLANG_WARN_BLOCK_CAPTURE_AUTORELEASING = YES;
				CLANG_WARN_BOOL_CONVERSION = YES;
				CLANG_WARN_COMMA = YES;
				CLANG_WARN_CONSTANT_CONVERSION = YES;
				CLANG_WARN_DEPRECATED_OBJC_IMPLEMENTATIONS = YES;
				CLANG_WARN_DIRECT_OBJC_ISA_USAGE = YES_ERROR;
				CLANG_WARN_DOCUMENTATION_COMMENTS = YES;
				CLANG_WARN_EMPTY_BODY = YES;
				CLANG_WARN_ENUM_CONVERSION = YES;
				CLANG_WARN_INFINITE_RECURSION = YES;
				CLANG_WARN_INT_CONVERSION = YES;
				CLANG_WARN_NON_LITERAL_NULL_CONVERSION = YES;
				CLANG_WARN_OBJC_IMPLICIT_RETAIN_SELF = YES;
				CLANG_WARN_OBJC_LITERAL_CONVERSION = YES;
				CLANG_WARN_OBJC_ROOT_CLASS = YES_ERROR;
				CLANG_WARN_QUOTED_INCLUDE_IN_FRAMEWORK_HEADER = YES;
				CLANG_WARN_RANGE_LOOP_ANALYSIS = YES;
				CLANG_WARN_STRICT_PROTOTYPES = YES;
				CLANG_WARN_SUSPICIOUS_MOVE = YES;
				CLANG_WARN_UNGUARDED_AVAILABILITY = YES_AGGRESSIVE;
				CLANG_WARN_UNREACHABLE_CODE = YES;
				CLANG_WARN__DUPLICATE_METHOD_MATCH = YES;
				COPY_PHASE_STRIP = NO;
				DEAD_CODE_STRIPPING = YES;
				DEBUG_INFORMATION_FORMAT = "dwarf-with-dsym";
				ENABLE_NS_ASSERTIONS = NO;
				ENABLE_STRICT_OBJC_MSGSEND = YES;
				ENABLE_USER_SCRIPT_SANDBOXING = YES;
				GCC_C_LANGUAGE_STANDARD = gnu11;
				GCC_NO_COMMON_BLOCKS = YES;
				GCC_WARN_64_TO_32_BIT_CONVERSION = YES;
				GCC_WARN_ABOUT_RETURN_TYPE = YES_ERROR;
				GCC_WARN_UNDECLARED_SELECTOR = YES;
				GCC_WARN_UNINITIALIZED_AUTOS = YES_AGGRESSIVE;
				GCC_WARN_UNUSED_FUNCTION = YES;
				GCC_WARN_UNUSED_VARIABLE = YES;
				MACOSX_DEPLOYMENT_TARGET = 12.0;
				MTL_ENABLE_DEBUG_INFO = NO;
				MTL_FAST_MATH = YES;
				SDKROOT = macosx;
				SWIFT_COMPILATION_MODE = wholemodule;
				SWIFT_EMIT_LOC_STRINGS = YES;
				SWIFT_OPTIMIZATION_LEVEL = "-O";
			};
			name = Release;
		};
		C4B45DC62273A0020050C59B /* Debug */ = {
			isa = XCBuildConfiguration;
			baseConfigurationReference = 6ED719E06ED6DED000000001 /* SampleCode.xcconfig */;
			buildSettings = {
				ASSETCATALOG_COMPILER_APPICON_NAME = AppIcon;
				CODE_SIGN_ENTITLEMENTS = TravelMode/Signing.entitlements;
				CODE_SIGN_IDENTITY = "Mac Developer";
				"CODE_SIGN_IDENTITY[sdk=macosx*]" = "Apple Development";
				CODE_SIGN_STYLE = Automatic;
				COMBINE_HIDPI_IMAGES = YES;
				CURRENT_PROJECT_VERSION = 31;
				DEAD_CODE_STRIPPING = YES;
				DEVELOPMENT_TEAM = Y6HZ9JJYV6;
				ENABLE_HARDENED_RUNTIME = YES;
				INFOPLIST_FILE = TravelMode/Info.plist;
				INFOPLIST_KEY_CFBundleDisplayName = TravelMode;
				INFOPLIST_KEY_LSApplicationCategoryType = "public.app-category.productivity";
				LD_RUNPATH_SEARCH_PATHS = (
					"$(inherited)",
					"@executable_path/../Frameworks",
				);
				MACOSX_DEPLOYMENT_TARGET = 15.0;
				MARKETING_VERSION = 1.0.16;
				PRODUCT_BUNDLE_IDENTIFIER = com.yueyi.TravelMode;
				PRODUCT_NAME = "$(TARGET_NAME)";
				PROVISIONING_PROFILE_SPECIFIER = "";
				SWIFT_VERSION = 5.0;
			};
			name = Debug;
		};
		C4B45DC72273A0020050C59B /* Release */ = {
			isa = XCBuildConfiguration;
			baseConfigurationReference = 6ED719E06ED6DED000000001 /* SampleCode.xcconfig */;
			buildSettings = {
				ASSETCATALOG_COMPILER_APPICON_NAME = AppIcon;
				CODE_SIGN_ENTITLEMENTS = TravelMode/Signing.entitlements;
				CODE_SIGN_IDENTITY = "Mac Developer";
				"CODE_SIGN_IDENTITY[sdk=macosx*]" = "Apple Development";
				CODE_SIGN_STYLE = Automatic;
				COMBINE_HIDPI_IMAGES = YES;
				CURRENT_PROJECT_VERSION = 31;
				DEAD_CODE_STRIPPING = YES;
				DEVELOPMENT_TEAM = Y6HZ9JJYV6;
				ENABLE_HARDENED_RUNTIME = YES;
				INFOPLIST_FILE = TravelMode/Info.plist;
				INFOPLIST_KEY_CFBundleDisplayName = TravelMode;
				INFOPLIST_KEY_LSApplicationCategoryType = "public.app-category.productivity";
				LD_RUNPATH_SEARCH_PATHS = (
					"$(inherited)",
					"@executable_path/../Frameworks",
				);
				MACOSX_DEPLOYMENT_TARGET = 15.0;
				MARKETING_VERSION = 1.0.16;
				PRODUCT_BUNDLE_IDENTIFIER = com.yueyi.TravelMode;
				PRODUCT_NAME = "$(TARGET_NAME)";
				PROVISIONING_PROFILE_SPECIFIER = "";
				SWIFT_VERSION = 5.0;
			};
			name = Release;
		};
/* End XCBuildConfiguration section */

/* Begin XCConfigurationList section */
		C40A5C54229DD6A500627D50 /* Build configuration list for PBXNativeTarget "Extension" */ = {
			isa = XCConfigurationList;
			buildConfigurations = (
				C40A5C52229DD6A500627D50 /* Debug */,
				C40A5C53229DD6A500627D50 /* Release */,
			);
			defaultConfigurationIsVisible = 0;
			defaultConfigurationName = Release;
		};
		C4B45DB022739FFF0050C59B /* Build configuration list for PBXProject "TravelMode" */ = {
			isa = XCConfigurationList;
			buildConfigurations = (
				C4B45DC32273A0020050C59B /* Debug */,
				C4B45DC42273A0020050C59B /* Release */,
			);
			defaultConfigurationIsVisible = 0;
			defaultConfigurationName = Release;
		};
		C4B45DC52273A0020050C59B /* Build configuration list for PBXNativeTarget "TavelMode" */ = {
			isa = XCConfigurationList;
			buildConfigurations = (
				C4B45DC62273A0020050C59B /* Debug */,
				C4B45DC72273A0020050C59B /* Release */,
			);
			defaultConfigurationIsVisible = 0;
			defaultConfigurationName = Release;
		};
/* End XCConfigurationList section */

/* Begin XCRemoteSwiftPackageReference section */
		0B737BA82D12EA6700712ABA /* XCRemoteSwiftPackageReference "MagicKit" */ = {
			isa = XCRemoteSwiftPackageReference;
			repositoryURL = "https://github.com/CofficLab/MagicKit";
			requirement = {
				kind = upToNextMajorVersion;
				minimumVersion = 1.0.0;
			};
		};
		0B737BAD2D12F1EC00712ABA /* XCRemoteSwiftPackageReference "AlertToast" */ = {
			isa = XCRemoteSwiftPackageReference;
			repositoryURL = "https://github.com/elai950/AlertToast";
			requirement = {
				kind = upToNextMajorVersion;
				minimumVersion = 1.3.9;
			};
		};
/* End XCRemoteSwiftPackageReference section */

/* Begin XCSwiftPackageProductDependency section */
		0B737BA92D12EA6700712ABA /* MagicKit */ = {
			isa = XCSwiftPackageProductDependency;
			package = 0B737BA82D12EA6700712ABA /* XCRemoteSwiftPackageReference "MagicKit" */;
			productName = MagicKit;
		};
		0B737BAB2D12ECF000712ABA /* MagicKit */ = {
			isa = XCSwiftPackageProductDependency;
			package = 0B737BA82D12EA6700712ABA /* XCRemoteSwiftPackageReference "MagicKit" */;
			productName = MagicKit;
		};
		0B737BAE2D12F1EC00712ABA /* AlertToast */ = {
			isa = XCSwiftPackageProductDependency;
			package = 0B737BAD2D12F1EC00712ABA /* XCRemoteSwiftPackageReference "AlertToast" */;
			productName = AlertToast;
		};
/* End XCSwiftPackageProductDependency section */
	};
	rootObject = C4B45DAD22739FFF0050C59B /* Project object */;
}
