{
  "originHash" : "54e6b04ef37f14240e0f04c9eea112896e20ca863e3b2ad6f2c8233fbda210a5",
  "pins" : [
    {
      "identity" : "lumiui",
      "kind" : "remoteSourceControl",
      "location" : "https://github.com/CofficLab/LumiUI",
      "state" : {
        "revision" : "419c64ec01257f923b4139ede61377566b97b626"
      }
    }
  ],
  "version" : 3
}
