{
  "originHash" : "cea8e080de9b87cc847b69af1e5d83e141ea83f6c164004dbec10095b6c7195a",
  "pins" : [
    {
      "identity" : "alerttoast",
      "kind" : "remoteSourceControl",
      "location" : "https://github.com/elai950/AlertToast",
      "state" : {
        "revision" : "b39252eacd159904afd7d718bba0afabb87f2f2f",
        "version" : "1.3.9"
      }
    },
    {
      "identity" : "magickit",
      "kind" : "remoteSourceControl",
      "location" : "https://github.com/CofficLab/MagicKit",
      "state" : {
        "revision" : "839e654669b0e3cb23d107d45343893e0f25ba21",
        "version" : "1.0.6"
      }
    }
  ],
  "version" : 3
}
