{
  "originHash": "a64c7b1586b92eee444ca9fc0c86e1395519863b47cc4e085be31a2758d0897c",
  "pins": [
    {
      "identity": "lumikernel",
      "kind": "remoteSourceControl",
      "location": "https://github.com/CofficLab/LumiKernel.git",
      "state": {
        "branch": "main",
        "revision": "7031fda7ff72492d574ef9a4b5d9ffdc801a6660"
      }
    },
    {
      "identity": "lumilocalization",
      "kind": "remoteSourceControl",
      "location": "https://github.com/CofficLab/LumiLocalization.git",
      "state": {
        "revision": "2a65f2ea3626936a559458352b8ae694f2f6f74a",
        "version": "1.0.0"
      }
    },
    {
      "identity": "lumilogging",
      "kind": "remoteSourceControl",
      "location": "https://github.com/CofficLab/LumiLogging.git",
      "state": {
        "revision": "8c00bb13b76a21f88bee186a68ca20568550f65e",
        "version": "1.0.1"
      }
    },
    {
      "identity": "lumipluginthemepack",
      "kind": "remoteSourceControl",
      "location": "https://github.com/CofficLab/LumiPluginThemePack.git",
      "state": {
        "revision": "fd4d91c866cea4c5ed5bebc3aa985a90709cff8e",
        "version": "1.1.0"
      }
    },
    {
      "identity": "lumiproviders",
      "kind": "remoteSourceControl",
      "location": "https://github.com/CofficLab/LumiProviders.git",
      "state": {
        "revision": "72ae706594e56f456da9d4f5da5860458d7e359f",
        "version": "1.4.0"
      }
    },
    {
      "identity": "lumisettings",
      "kind": "remoteSourceControl",
      "location": "https://github.com/CofficLab/LumiSettings.git",
      "state": {
        "revision": "59af093194b98154bba8e9ac61669b253d66e2ba",
        "version": "1.0.1"
      }
    },
    {
      "identity": "lumithemepack",
      "kind": "remoteSourceControl",
      "location": "https://github.com/CofficLab/LumiThemePack.git",
      "state": {
        "revision": "53b356c73565c2d5bcec3d83573236dc71e91f3f",
        "version": "1.0.6"
      }
    },
    {
      "identity": "lumiui",
      "kind": "remoteSourceControl",
      "location": "https://github.com/CofficLab/LumiUI",
      "state": {
        "revision": "e54783a431c018a6f4b64797274dbe0118f490d4",
        "version": "1.7.0"
      }
    }
  ],
  "version": 3
}
